// !$*UTF8*$!
{
	archiveVersion = 1;
	classes = {
	};
	objectVersion = 46;
	objects = {

/* Begin PBXBuildFile section */
		00E356F31AD99517003FC87E /* FuelStationTests.m in Sources */ = {isa = PBXBuildFile; fileRef = 00E356F21AD99517003FC87E /* FuelStationTests.m */; };
		0EF9065583D247648F1F6C8B /* Octicons.ttf in Resources */ = {isa = PBXBuildFile; fileRef = F38A841101EB4E4699E745CF /* Octicons.ttf */; };
		13B07FBC1A68108700A75B9A /* AppDelegate.m in Sources */ = {isa = PBXBuildFile; fileRef = 13B07FB01A68108700A75B9A /* AppDelegate.m */; };
		13B07FBD1A68108700A75B9A /* LaunchScreen.xib in Resources */ = {isa = PBXBuildFile; fileRef = 13B07FB11A68108700A75B9A /* LaunchScreen.xib */; };
		13B07FBF1A68108700A75B9A /* Images.xcassets in Resources */ = {isa = PBXBuildFile; fileRef = 13B07FB51A68108700A75B9A /* Images.xcassets */; };
		13B07FC11A68108700A75B9A /* main.m in Sources */ = {isa = PBXBuildFile; fileRef = 13B07FB71A68108700A75B9A /* main.m */; };
		2D02E4BC1E0B4A80006451C7 /* AppDelegate.m in Sources */ = {isa = PBXBuildFile; fileRef = 13B07FB01A68108700A75B9A /* AppDelegate.m */; };
		2D02E4BD1E0B4A84006451C7 /* Images.xcassets in Resources */ = {isa = PBXBuildFile; fileRef = 13B07FB51A68108700A75B9A /* Images.xcassets */; };
		2D02E4BF1E0B4AB3006451C7 /* main.m in Sources */ = {isa = PBXBuildFile; fileRef = 13B07FB71A68108700A75B9A /* main.m */; };
		2DCD954D1E0B4F2C00145EB5 /* FuelStationTests.m in Sources */ = {isa = PBXBuildFile; fileRef = 00E356F21AD99517003FC87E /* FuelStationTests.m */; };
		2DEF8B0F704E6D0C9A647894 /* libPods-FuelStation-FuelStationTests.a in Frameworks */ = {isa = PBXBuildFile; fileRef = 912D9E35C94AEA808C1D4861 /* libPods-FuelStation-FuelStationTests.a */; };
		38FE47302510C05900F099A7 /* Poppins-LightItalic.ttf in Resources */ = {isa = PBXBuildFile; fileRef = 38FE471D2510C05800F099A7 /* Poppins-LightItalic.ttf */; };
		38FE47312510C05900F099A7 /* Poppins-LightItalic.ttf in Resources */ = {isa = PBXBuildFile; fileRef = 38FE471D2510C05800F099A7 /* Poppins-LightItalic.ttf */; };
		38FE47322510C05900F099A7 /* Poppins-LightItalic.ttf in Resources */ = {isa = PBXBuildFile; fileRef = 38FE471D2510C05800F099A7 /* Poppins-LightItalic.ttf */; };
		38FE47332510C05900F099A7 /* Poppins-LightItalic.ttf in Resources */ = {isa = PBXBuildFile; fileRef = 38FE471D2510C05800F099A7 /* Poppins-LightItalic.ttf */; };
		38FE47342510C05900F099A7 /* Poppins-ExtraBoldItalic.ttf in Resources */ = {isa = PBXBuildFile; fileRef = 38FE471E2510C05800F099A7 /* Poppins-ExtraBoldItalic.ttf */; };
		38FE47352510C05900F099A7 /* Poppins-ExtraBoldItalic.ttf in Resources */ = {isa = PBXBuildFile; fileRef = 38FE471E2510C05800F099A7 /* Poppins-ExtraBoldItalic.ttf */; };
		38FE47362510C05900F099A7 /* Poppins-ExtraBoldItalic.ttf in Resources */ = {isa = PBXBuildFile; fileRef = 38FE471E2510C05800F099A7 /* Poppins-ExtraBoldItalic.ttf */; };
		38FE47372510C05900F099A7 /* Poppins-ExtraBoldItalic.ttf in Resources */ = {isa = PBXBuildFile; fileRef = 38FE471E2510C05800F099A7 /* Poppins-ExtraBoldItalic.ttf */; };
		38FE47382510C05900F099A7 /* Poppins-ExtraLightItalic.ttf in Resources */ = {isa = PBXBuildFile; fileRef = 38FE471F2510C05800F099A7 /* Poppins-ExtraLightItalic.ttf */; };
		38FE47392510C05900F099A7 /* Poppins-ExtraLightItalic.ttf in Resources */ = {isa = PBXBuildFile; fileRef = 38FE471F2510C05800F099A7 /* Poppins-ExtraLightItalic.ttf */; };
		38FE473A2510C05900F099A7 /* Poppins-ExtraLightItalic.ttf in Resources */ = {isa = PBXBuildFile; fileRef = 38FE471F2510C05800F099A7 /* Poppins-ExtraLightItalic.ttf */; };
		38FE473B2510C05900F099A7 /* Poppins-ExtraLightItalic.ttf in Resources */ = {isa = PBXBuildFile; fileRef = 38FE471F2510C05800F099A7 /* Poppins-ExtraLightItalic.ttf */; };
		38FE473C2510C05900F099A7 /* Poppins-Medium.ttf in Resources */ = {isa = PBXBuildFile; fileRef = 38FE47202510C05800F099A7 /* Poppins-Medium.ttf */; };
		38FE473D2510C05900F099A7 /* Poppins-Medium.ttf in Resources */ = {isa = PBXBuildFile; fileRef = 38FE47202510C05800F099A7 /* Poppins-Medium.ttf */; };
		38FE473E2510C05900F099A7 /* Poppins-Medium.ttf in Resources */ = {isa = PBXBuildFile; fileRef = 38FE47202510C05800F099A7 /* Poppins-Medium.ttf */; };
		38FE473F2510C05900F099A7 /* Poppins-Medium.ttf in Resources */ = {isa = PBXBuildFile; fileRef = 38FE47202510C05800F099A7 /* Poppins-Medium.ttf */; };
		38FE47402510C05900F099A7 /* Poppins-Black.ttf in Resources */ = {isa = PBXBuildFile; fileRef = 38FE47212510C05800F099A7 /* Poppins-Black.ttf */; };
		38FE47412510C05900F099A7 /* Poppins-Black.ttf in Resources */ = {isa = PBXBuildFile; fileRef = 38FE47212510C05800F099A7 /* Poppins-Black.ttf */; };
		38FE47422510C05900F099A7 /* Poppins-Black.ttf in Resources */ = {isa = PBXBuildFile; fileRef = 38FE47212510C05800F099A7 /* Poppins-Black.ttf */; };
		38FE47432510C05900F099A7 /* Poppins-Black.ttf in Resources */ = {isa = PBXBuildFile; fileRef = 38FE47212510C05800F099A7 /* Poppins-Black.ttf */; };
		38FE47442510C05900F099A7 /* Poppins-ExtraBold.ttf in Resources */ = {isa = PBXBuildFile; fileRef = 38FE47222510C05800F099A7 /* Poppins-ExtraBold.ttf */; };
		38FE47452510C05900F099A7 /* Poppins-ExtraBold.ttf in Resources */ = {isa = PBXBuildFile; fileRef = 38FE47222510C05800F099A7 /* Poppins-ExtraBold.ttf */; };
		38FE47462510C05900F099A7 /* Poppins-ExtraBold.ttf in Resources */ = {isa = PBXBuildFile; fileRef = 38FE47222510C05800F099A7 /* Poppins-ExtraBold.ttf */; };
		38FE47472510C05900F099A7 /* Poppins-ExtraBold.ttf in Resources */ = {isa = PBXBuildFile; fileRef = 38FE47222510C05800F099A7 /* Poppins-ExtraBold.ttf */; };
		38FE47482510C05900F099A7 /* Poppins-Light.ttf in Resources */ = {isa = PBXBuildFile; fileRef = 38FE47232510C05800F099A7 /* Poppins-Light.ttf */; };
		38FE47492510C05900F099A7 /* Poppins-Light.ttf in Resources */ = {isa = PBXBuildFile; fileRef = 38FE47232510C05800F099A7 /* Poppins-Light.ttf */; };
		38FE474A2510C05900F099A7 /* Poppins-Light.ttf in Resources */ = {isa = PBXBuildFile; fileRef = 38FE47232510C05800F099A7 /* Poppins-Light.ttf */; };
		38FE474B2510C05900F099A7 /* Poppins-Light.ttf in Resources */ = {isa = PBXBuildFile; fileRef = 38FE47232510C05800F099A7 /* Poppins-Light.ttf */; };
		38FE474C2510C05900F099A7 /* OFL.txt in Resources */ = {isa = PBXBuildFile; fileRef = 38FE47242510C05800F099A7 /* OFL.txt */; };
		38FE474D2510C05900F099A7 /* OFL.txt in Resources */ = {isa = PBXBuildFile; fileRef = 38FE47242510C05800F099A7 /* OFL.txt */; };
		38FE474E2510C05900F099A7 /* OFL.txt in Resources */ = {isa = PBXBuildFile; fileRef = 38FE47242510C05800F099A7 /* OFL.txt */; };
		38FE474F2510C05900F099A7 /* OFL.txt in Resources */ = {isa = PBXBuildFile; fileRef = 38FE47242510C05800F099A7 /* OFL.txt */; };
		38FE47502510C05900F099A7 /* Poppins-MediumItalic.ttf in Resources */ = {isa = PBXBuildFile; fileRef = 38FE47252510C05800F099A7 /* Poppins-MediumItalic.ttf */; };
		38FE47512510C05900F099A7 /* Poppins-MediumItalic.ttf in Resources */ = {isa = PBXBuildFile; fileRef = 38FE47252510C05800F099A7 /* Poppins-MediumItalic.ttf */; };
		38FE47522510C05900F099A7 /* Poppins-MediumItalic.ttf in Resources */ = {isa = PBXBuildFile; fileRef = 38FE47252510C05800F099A7 /* Poppins-MediumItalic.ttf */; };
		38FE47532510C05900F099A7 /* Poppins-MediumItalic.ttf in Resources */ = {isa = PBXBuildFile; fileRef = 38FE47252510C05800F099A7 /* Poppins-MediumItalic.ttf */; };
		38FE47542510C05900F099A7 /* Poppins-Bold.ttf in Resources */ = {isa = PBXBuildFile; fileRef = 38FE47262510C05800F099A7 /* Poppins-Bold.ttf */; };
		38FE47552510C05900F099A7 /* Poppins-Bold.ttf in Resources */ = {isa = PBXBuildFile; fileRef = 38FE47262510C05800F099A7 /* Poppins-Bold.ttf */; };
		38FE47562510C05900F099A7 /* Poppins-Bold.ttf in Resources */ = {isa = PBXBuildFile; fileRef = 38FE47262510C05800F099A7 /* Poppins-Bold.ttf */; };
		38FE47572510C05900F099A7 /* Poppins-Bold.ttf in Resources */ = {isa = PBXBuildFile; fileRef = 38FE47262510C05800F099A7 /* Poppins-Bold.ttf */; };
		38FE47582510C05900F099A7 /* Poppins-Thin.ttf in Resources */ = {isa = PBXBuildFile; fileRef = 38FE47272510C05800F099A7 /* Poppins-Thin.ttf */; };
		38FE47592510C05900F099A7 /* Poppins-Thin.ttf in Resources */ = {isa = PBXBuildFile; fileRef = 38FE47272510C05800F099A7 /* Poppins-Thin.ttf */; };
		38FE475A2510C05900F099A7 /* Poppins-Thin.ttf in Resources */ = {isa = PBXBuildFile; fileRef = 38FE47272510C05800F099A7 /* Poppins-Thin.ttf */; };
		38FE475B2510C05900F099A7 /* Poppins-Thin.ttf in Resources */ = {isa = PBXBuildFile; fileRef = 38FE47272510C05800F099A7 /* Poppins-Thin.ttf */; };
		38FE475C2510C05900F099A7 /* Poppins-Regular.ttf in Resources */ = {isa = PBXBuildFile; fileRef = 38FE47282510C05800F099A7 /* Poppins-Regular.ttf */; };
		38FE475D2510C05900F099A7 /* Poppins-Regular.ttf in Resources */ = {isa = PBXBuildFile; fileRef = 38FE47282510C05800F099A7 /* Poppins-Regular.ttf */; };
		38FE475E2510C05900F099A7 /* Poppins-Regular.ttf in Resources */ = {isa = PBXBuildFile; fileRef = 38FE47282510C05800F099A7 /* Poppins-Regular.ttf */; };
		38FE475F2510C05900F099A7 /* Poppins-Regular.ttf in Resources */ = {isa = PBXBuildFile; fileRef = 38FE47282510C05800F099A7 /* Poppins-Regular.ttf */; };
		38FE47602510C05900F099A7 /* Poppins-SemiBoldItalic.ttf in Resources */ = {isa = PBXBuildFile; fileRef = 38FE47292510C05800F099A7 /* Poppins-SemiBoldItalic.ttf */; };
		38FE47612510C05900F099A7 /* Poppins-SemiBoldItalic.ttf in Resources */ = {isa = PBXBuildFile; fileRef = 38FE47292510C05800F099A7 /* Poppins-SemiBoldItalic.ttf */; };
		38FE47622510C05900F099A7 /* Poppins-SemiBoldItalic.ttf in Resources */ = {isa = PBXBuildFile; fileRef = 38FE47292510C05800F099A7 /* Poppins-SemiBoldItalic.ttf */; };
		38FE47632510C05900F099A7 /* Poppins-SemiBoldItalic.ttf in Resources */ = {isa = PBXBuildFile; fileRef = 38FE47292510C05800F099A7 /* Poppins-SemiBoldItalic.ttf */; };
		38FE47642510C05900F099A7 /* Poppins-SemiBold.ttf in Resources */ = {isa = PBXBuildFile; fileRef = 38FE472A2510C05800F099A7 /* Poppins-SemiBold.ttf */; };
		38FE47652510C05900F099A7 /* Poppins-SemiBold.ttf in Resources */ = {isa = PBXBuildFile; fileRef = 38FE472A2510C05800F099A7 /* Poppins-SemiBold.ttf */; };
		38FE47662510C05900F099A7 /* Poppins-SemiBold.ttf in Resources */ = {isa = PBXBuildFile; fileRef = 38FE472A2510C05800F099A7 /* Poppins-SemiBold.ttf */; };
		38FE47672510C05900F099A7 /* Poppins-SemiBold.ttf in Resources */ = {isa = PBXBuildFile; fileRef = 38FE472A2510C05800F099A7 /* Poppins-SemiBold.ttf */; };
		38FE47682510C05900F099A7 /* Poppins-ExtraLight.ttf in Resources */ = {isa = PBXBuildFile; fileRef = 38FE472B2510C05800F099A7 /* Poppins-ExtraLight.ttf */; };
		38FE47692510C05900F099A7 /* Poppins-ExtraLight.ttf in Resources */ = {isa = PBXBuildFile; fileRef = 38FE472B2510C05800F099A7 /* Poppins-ExtraLight.ttf */; };
		38FE476A2510C05900F099A7 /* Poppins-ExtraLight.ttf in Resources */ = {isa = PBXBuildFile; fileRef = 38FE472B2510C05800F099A7 /* Poppins-ExtraLight.ttf */; };
		38FE476B2510C05900F099A7 /* Poppins-ExtraLight.ttf in Resources */ = {isa = PBXBuildFile; fileRef = 38FE472B2510C05800F099A7 /* Poppins-ExtraLight.ttf */; };
		38FE476C2510C05900F099A7 /* Poppins-Italic.ttf in Resources */ = {isa = PBXBuildFile; fileRef = 38FE472C2510C05800F099A7 /* Poppins-Italic.ttf */; };
		38FE476D2510C05900F099A7 /* Poppins-Italic.ttf in Resources */ = {isa = PBXBuildFile; fileRef = 38FE472C2510C05800F099A7 /* Poppins-Italic.ttf */; };
		38FE476E2510C05900F099A7 /* Poppins-Italic.ttf in Resources */ = {isa = PBXBuildFile; fileRef = 38FE472C2510C05800F099A7 /* Poppins-Italic.ttf */; };
		38FE476F2510C05900F099A7 /* Poppins-Italic.ttf in Resources */ = {isa = PBXBuildFile; fileRef = 38FE472C2510C05800F099A7 /* Poppins-Italic.ttf */; };
		38FE47702510C05900F099A7 /* Poppins-BoldItalic.ttf in Resources */ = {isa = PBXBuildFile; fileRef = 38FE472D2510C05800F099A7 /* Poppins-BoldItalic.ttf */; };
		38FE47712510C05900F099A7 /* Poppins-BoldItalic.ttf in Resources */ = {isa = PBXBuildFile; fileRef = 38FE472D2510C05800F099A7 /* Poppins-BoldItalic.ttf */; };
		38FE47722510C05900F099A7 /* Poppins-BoldItalic.ttf in Resources */ = {isa = PBXBuildFile; fileRef = 38FE472D2510C05800F099A7 /* Poppins-BoldItalic.ttf */; };
		38FE47732510C05900F099A7 /* Poppins-BoldItalic.ttf in Resources */ = {isa = PBXBuildFile; fileRef = 38FE472D2510C05800F099A7 /* Poppins-BoldItalic.ttf */; };
		38FE47742510C05900F099A7 /* Poppins-BlackItalic.ttf in Resources */ = {isa = PBXBuildFile; fileRef = 38FE472E2510C05900F099A7 /* Poppins-BlackItalic.ttf */; };
		38FE47752510C05900F099A7 /* Poppins-BlackItalic.ttf in Resources */ = {isa = PBXBuildFile; fileRef = 38FE472E2510C05900F099A7 /* Poppins-BlackItalic.ttf */; };
		38FE47762510C05900F099A7 /* Poppins-BlackItalic.ttf in Resources */ = {isa = PBXBuildFile; fileRef = 38FE472E2510C05900F099A7 /* Poppins-BlackItalic.ttf */; };
		38FE47772510C05900F099A7 /* Poppins-BlackItalic.ttf in Resources */ = {isa = PBXBuildFile; fileRef = 38FE472E2510C05900F099A7 /* Poppins-BlackItalic.ttf */; };
		38FE47782510C05900F099A7 /* Poppins-ThinItalic.ttf in Resources */ = {isa = PBXBuildFile; fileRef = 38FE472F2510C05900F099A7 /* Poppins-ThinItalic.ttf */; };
		38FE47792510C05900F099A7 /* Poppins-ThinItalic.ttf in Resources */ = {isa = PBXBuildFile; fileRef = 38FE472F2510C05900F099A7 /* Poppins-ThinItalic.ttf */; };
		38FE477A2510C05900F099A7 /* Poppins-ThinItalic.ttf in Resources */ = {isa = PBXBuildFile; fileRef = 38FE472F2510C05900F099A7 /* Poppins-ThinItalic.ttf */; };
		38FE477B2510C05900F099A7 /* Poppins-ThinItalic.ttf in Resources */ = {isa = PBXBuildFile; fileRef = 38FE472F2510C05900F099A7 /* Poppins-ThinItalic.ttf */; };
		477189D419C1435AB27DEC4D /* Feather.ttf in Resources */ = {isa = PBXBuildFile; fileRef = 7E6557BD5DE845588BE010CE /* Feather.ttf */; };
		4F921F97629D47F691056D95 /* Ionicons.ttf in Resources */ = {isa = PBXBuildFile; fileRef = C24349D0659B4C14B5D43D95 /* Ionicons.ttf */; };
		570253A043D87780052AF43A /* libPods-FuelStation-FuelStation-tvOS.a in Frameworks */ = {isa = PBXBuildFile; fileRef = 6F6220BB034908EF2776035B /* libPods-FuelStation-FuelStation-tvOS.a */; };
		5BF476E2933DEC4B793EA343 /* libPods-FuelStation.a in Frameworks */ = {isa = PBXBuildFile; fileRef = 3520D803330BEB3ED1D92071 /* libPods-FuelStation.a */; };
		6614871047484A07AF7A1591 /* AntDesign.ttf in Resources */ = {isa = PBXBuildFile; fileRef = D0878C6EB0DE4BC893E604A3 /* AntDesign.ttf */; };
		74BA1AC5A9FB4BF2898CAEBA /* FontAwesome.ttf in Resources */ = {isa = PBXBuildFile; fileRef = 190E66DEF62D4AFDA06A34D4 /* FontAwesome.ttf */; };
		878938D1556A4889BB054761 /* FontAwesome5_Brands.ttf in Resources */ = {isa = PBXBuildFile; fileRef = 24E312EABBBD4A2EB1FDE8F8 /* FontAwesome5_Brands.ttf */; };
		8B6926CF9FF14DFF87879379 /* MaterialCommunityIcons.ttf in Resources */ = {isa = PBXBuildFile; fileRef = EE4591E586E849C3A9F23290 /* MaterialCommunityIcons.ttf */; };
		A08AC3E6B58D40E1B73C9779 /* Fontisto.ttf in Resources */ = {isa = PBXBuildFile; fileRef = CCA4470539CD44E4B2D98E96 /* Fontisto.ttf */; };
		A98E5A28C8D34A04A41A0419 /* MaterialIcons.ttf in Resources */ = {isa = PBXBuildFile; fileRef = D1E8F4F36F8A48D080C70A08 /* MaterialIcons.ttf */; };
		B71029BFF8664ACCBE2B04B0 /* FontAwesome5_Solid.ttf in Resources */ = {isa = PBXBuildFile; fileRef = DCA3DBC599064BEEBD6DB36F /* FontAwesome5_Solid.ttf */; };
		B807BA014DA4411D9D6A3F0A /* EvilIcons.ttf in Resources */ = {isa = PBXBuildFile; fileRef = 6F52770B1FE3471CBA27F90A /* EvilIcons.ttf */; };
		CCEF4461BBE546259CCB2EF1 /* Entypo.ttf in Resources */ = {isa = PBXBuildFile; fileRef = 4304A73F792E4E0FBCAC68BB /* Entypo.ttf */; };
		CD6CEB2B1F6C43BBB2146980 /* libRNBluetoothEscposPrinter.a in Frameworks */ = {isa = PBXBuildFile; fileRef = 9B200F58ABE3494A825E7CC8 /* libRNBluetoothEscposPrinter.a */; };
		D94E8B67C3EA463F9A00F8B1 /* FontAwesome5_Regular.ttf in Resources */ = {isa = PBXBuildFile; fileRef = 52A06E08A4924736AD4D3022 /* FontAwesome5_Regular.ttf */; };
		E3EA366EDF724772999616B7 /* SimpleLineIcons.ttf in Resources */ = {isa = PBXBuildFile; fileRef = 9991BD5FAB344AEF9E93C700 /* SimpleLineIcons.ttf */; };
		E9B9F0460E8243499125F70D /* Foundation.ttf in Resources */ = {isa = PBXBuildFile; fileRef = 5AE532D2D8614973AF4AE061 /* Foundation.ttf */; };
		ED7956A4049410EDD3BAEC70 /* libPods-FuelStation-tvOSTests.a in Frameworks */ = {isa = PBXBuildFile; fileRef = E15D12CE8D551D5DD515C078 /* libPods-FuelStation-tvOSTests.a */; };
		F2C5D56B3FAE4EDFA53247FC /* Zocial.ttf in Resources */ = {isa = PBXBuildFile; fileRef = 6E4B815D00774A65810D5441 /* Zocial.ttf */; };
/* End PBXBuildFile section */

/* Begin PBXContainerItemProxy section */
		00E356F41AD99517003FC87E /* PBXContainerItemProxy */ = {
			isa = PBXContainerItemProxy;
			containerPortal = 83CBB9F71A601CBA00E9B192 /* Project object */;
			proxyType = 1;
			remoteGlobalIDString = 13B07F861A680F5B00A75B9A;
			remoteInfo = FuelStation;
		};
		2D02E4911E0B4A5D006451C7 /* PBXContainerItemProxy */ = {
			isa = PBXContainerItemProxy;
			containerPortal = 83CBB9F71A601CBA00E9B192 /* Project object */;
			proxyType = 1;
			remoteGlobalIDString = 2D02E47A1E0B4A5D006451C7;
			remoteInfo = "FuelStation-tvOS";
		};
		38FE471B2510BD5F00F099A7 /* PBXContainerItemProxy */ = {
			isa = PBXContainerItemProxy;
			containerPortal = 850384FA20394543B9687726 /* RNBluetoothEscposPrinter.xcodeproj */;
			proxyType = 2;
			remoteGlobalIDString = 134814201AA4EA6300B7C361;
			remoteInfo = RNBluetoothEscposPrinter;
		};
/* End PBXContainerItemProxy section */

/* Begin PBXFileReference section */
		008F07F21AC5B25A0029DE68 /* main.jsbundle */ = {isa = PBXFileReference; fileEncoding = 4; lastKnownFileType = text; path = main.jsbundle; sourceTree = "<group>"; };
		00E356EE1AD99517003FC87E /* FuelStationTests.xctest */ = {isa = PBXFileReference; explicitFileType = wrapper.cfbundle; includeInIndex = 0; path = FuelStationTests.xctest; sourceTree = BUILT_PRODUCTS_DIR; };
		00E356F11AD99517003FC87E /* Info.plist */ = {isa = PBXFileReference; lastKnownFileType = text.plist.xml; path = Info.plist; sourceTree = "<group>"; };
		00E356F21AD99517003FC87E /* FuelStationTests.m */ = {isa = PBXFileReference; lastKnownFileType = sourcecode.c.objc; path = FuelStationTests.m; sourceTree = "<group>"; };
		13B07F961A680F5B00A75B9A /* FuelStation.app */ = {isa = PBXFileReference; explicitFileType = wrapper.application; includeInIndex = 0; path = FuelStation.app; sourceTree = BUILT_PRODUCTS_DIR; };
		13B07FAF1A68108700A75B9A /* AppDelegate.h */ = {isa = PBXFileReference; fileEncoding = 4; lastKnownFileType = sourcecode.c.h; name = AppDelegate.h; path = FuelStation/AppDelegate.h; sourceTree = "<group>"; };
		13B07FB01A68108700A75B9A /* AppDelegate.m */ = {isa = PBXFileReference; fileEncoding = 4; lastKnownFileType = sourcecode.c.objc; name = AppDelegate.m; path = FuelStation/AppDelegate.m; sourceTree = "<group>"; };
		13B07FB21A68108700A75B9A /* Base */ = {isa = PBXFileReference; lastKnownFileType = file.xib; name = Base; path = Base.lproj/LaunchScreen.xib; sourceTree = "<group>"; };
		13B07FB51A68108700A75B9A /* Images.xcassets */ = {isa = PBXFileReference; lastKnownFileType = folder.assetcatalog; name = Images.xcassets; path = FuelStation/Images.xcassets; sourceTree = "<group>"; };
		13B07FB61A68108700A75B9A /* Info.plist */ = {isa = PBXFileReference; fileEncoding = 4; lastKnownFileType = text.plist.xml; name = Info.plist; path = FuelStation/Info.plist; sourceTree = "<group>"; };
		13B07FB71A68108700A75B9A /* main.m */ = {isa = PBXFileReference; fileEncoding = 4; lastKnownFileType = sourcecode.c.objc; name = main.m; path = FuelStation/main.m; sourceTree = "<group>"; };
		190E66DEF62D4AFDA06A34D4 /* FontAwesome.ttf */ = {isa = PBXFileReference; explicitFileType = undefined; fileEncoding = 9; includeInIndex = 0; lastKnownFileType = unknown; name = FontAwesome.ttf; path = "../node_modules/react-native-vector-icons/Fonts/FontAwesome.ttf"; sourceTree = "<group>"; };
		24E312EABBBD4A2EB1FDE8F8 /* FontAwesome5_Brands.ttf */ = {isa = PBXFileReference; explicitFileType = undefined; fileEncoding = 9; includeInIndex = 0; lastKnownFileType = unknown; name = FontAwesome5_Brands.ttf; path = "../node_modules/react-native-vector-icons/Fonts/FontAwesome5_Brands.ttf"; sourceTree = "<group>"; };
		2615DEE75418CAD8BB7077B7 /* Pods-FuelStation.debug.xcconfig */ = {isa = PBXFileReference; includeInIndex = 1; lastKnownFileType = text.xcconfig; name = "Pods-FuelStation.debug.xcconfig"; path = "Target Support Files/Pods-FuelStation/Pods-FuelStation.debug.xcconfig"; sourceTree = "<group>"; };
		291BBFE88F4C138234E88209 /* Pods-FuelStation-tvOSTests.release.xcconfig */ = {isa = PBXFileReference; includeInIndex = 1; lastKnownFileType = text.xcconfig; name = "Pods-FuelStation-tvOSTests.release.xcconfig"; path = "Target Support Files/Pods-FuelStation-tvOSTests/Pods-FuelStation-tvOSTests.release.xcconfig"; sourceTree = "<group>"; };
		2D02E47B1E0B4A5D006451C7 /* FuelStation-tvOS.app */ = {isa = PBXFileReference; explicitFileType = wrapper.application; includeInIndex = 0; path = "FuelStation-tvOS.app"; sourceTree = BUILT_PRODUCTS_DIR; };
		2D02E4901E0B4A5D006451C7 /* FuelStation-tvOSTests.xctest */ = {isa = PBXFileReference; explicitFileType = wrapper.cfbundle; includeInIndex = 0; path = "FuelStation-tvOSTests.xctest"; sourceTree = BUILT_PRODUCTS_DIR; };
		302433D4F50E487D201D38ED /* Pods-FuelStation-FuelStationTests.release.xcconfig */ = {isa = PBXFileReference; includeInIndex = 1; lastKnownFileType = text.xcconfig; name = "Pods-FuelStation-FuelStationTests.release.xcconfig"; path = "Target Support Files/Pods-FuelStation-FuelStationTests/Pods-FuelStation-FuelStationTests.release.xcconfig"; sourceTree = "<group>"; };
		3520D803330BEB3ED1D92071 /* libPods-FuelStation.a */ = {isa = PBXFileReference; explicitFileType = archive.ar; includeInIndex = 0; path = "libPods-FuelStation.a"; sourceTree = BUILT_PRODUCTS_DIR; };
		38FE471D2510C05800F099A7 /* Poppins-LightItalic.ttf */ = {isa = PBXFileReference; lastKnownFileType = file; name = "Poppins-LightItalic.ttf"; path = "../../iApp/assets/fonts/Poppins-LightItalic.ttf"; sourceTree = "<group>"; };
		38FE471E2510C05800F099A7 /* Poppins-ExtraBoldItalic.ttf */ = {isa = PBXFileReference; lastKnownFileType = file; name = "Poppins-ExtraBoldItalic.ttf"; path = "../../iApp/assets/fonts/Poppins-ExtraBoldItalic.ttf"; sourceTree = "<group>"; };
		38FE471F2510C05800F099A7 /* Poppins-ExtraLightItalic.ttf */ = {isa = PBXFileReference; lastKnownFileType = file; name = "Poppins-ExtraLightItalic.ttf"; path = "../../iApp/assets/fonts/Poppins-ExtraLightItalic.ttf"; sourceTree = "<group>"; };
		38FE47202510C05800F099A7 /* Poppins-Medium.ttf */ = {isa = PBXFileReference; lastKnownFileType = file; name = "Poppins-Medium.ttf"; path = "../../iApp/assets/fonts/Poppins-Medium.ttf"; sourceTree = "<group>"; };
		38FE47212510C05800F099A7 /* Poppins-Black.ttf */ = {isa = PBXFileReference; lastKnownFileType = file; name = "Poppins-Black.ttf"; path = "../../iApp/assets/fonts/Poppins-Black.ttf"; sourceTree = "<group>"; };
		38FE47222510C05800F099A7 /* Poppins-ExtraBold.ttf */ = {isa = PBXFileReference; lastKnownFileType = file; name = "Poppins-ExtraBold.ttf"; path = "../../iApp/assets/fonts/Poppins-ExtraBold.ttf"; sourceTree = "<group>"; };
		38FE47232510C05800F099A7 /* Poppins-Light.ttf */ = {isa = PBXFileReference; lastKnownFileType = file; name = "Poppins-Light.ttf"; path = "../../iApp/assets/fonts/Poppins-Light.ttf"; sourceTree = "<group>"; };
		38FE47242510C05800F099A7 /* OFL.txt */ = {isa = PBXFileReference; fileEncoding = 4; lastKnownFileType = text; name = OFL.txt; path = ../../iApp/assets/fonts/OFL.txt; sourceTree = "<group>"; };
		38FE47252510C05800F099A7 /* Poppins-MediumItalic.ttf */ = {isa = PBXFileReference; lastKnownFileType = file; name = "Poppins-MediumItalic.ttf"; path = "../../iApp/assets/fonts/Poppins-MediumItalic.ttf"; sourceTree = "<group>"; };
		38FE47262510C05800F099A7 /* Poppins-Bold.ttf */ = {isa = PBXFileReference; lastKnownFileType = file; name = "Poppins-Bold.ttf"; path = "../../iApp/assets/fonts/Poppins-Bold.ttf"; sourceTree = "<group>"; };
		38FE47272510C05800F099A7 /* Poppins-Thin.ttf */ = {isa = PBXFileReference; lastKnownFileType = file; name = "Poppins-Thin.ttf"; path = "../../iApp/assets/fonts/Poppins-Thin.ttf"; sourceTree = "<group>"; };
		38FE47282510C05800F099A7 /* Poppins-Regular.ttf */ = {isa = PBXFileReference; lastKnownFileType = file; name = "Poppins-Regular.ttf"; path = "../../iApp/assets/fonts/Poppins-Regular.ttf"; sourceTree = "<group>"; };
		38FE47292510C05800F099A7 /* Poppins-SemiBoldItalic.ttf */ = {isa = PBXFileReference; lastKnownFileType = file; name = "Poppins-SemiBoldItalic.ttf"; path = "../../iApp/assets/fonts/Poppins-SemiBoldItalic.ttf"; sourceTree = "<group>"; };
		38FE472A2510C05800F099A7 /* Poppins-SemiBold.ttf */ = {isa = PBXFileReference; lastKnownFileType = file; name = "Poppins-SemiBold.ttf"; path = "../../iApp/assets/fonts/Poppins-SemiBold.ttf"; sourceTree = "<group>"; };
		38FE472B2510C05800F099A7 /* Poppins-ExtraLight.ttf */ = {isa = PBXFileReference; lastKnownFileType = file; name = "Poppins-ExtraLight.ttf"; path = "../../iApp/assets/fonts/Poppins-ExtraLight.ttf"; sourceTree = "<group>"; };
		38FE472C2510C05800F099A7 /* Poppins-Italic.ttf */ = {isa = PBXFileReference; lastKnownFileType = file; name = "Poppins-Italic.ttf"; path = "../../iApp/assets/fonts/Poppins-Italic.ttf"; sourceTree = "<group>"; };
		38FE472D2510C05800F099A7 /* Poppins-BoldItalic.ttf */ = {isa = PBXFileReference; lastKnownFileType = file; name = "Poppins-BoldItalic.ttf"; path = "../../iApp/assets/fonts/Poppins-BoldItalic.ttf"; sourceTree = "<group>"; };
		38FE472E2510C05900F099A7 /* Poppins-BlackItalic.ttf */ = {isa = PBXFileReference; lastKnownFileType = file; name = "Poppins-BlackItalic.ttf"; path = "../../iApp/assets/fonts/Poppins-BlackItalic.ttf"; sourceTree = "<group>"; };
		38FE472F2510C05900F099A7 /* Poppins-ThinItalic.ttf */ = {isa = PBXFileReference; lastKnownFileType = file; name = "Poppins-ThinItalic.ttf"; path = "../../iApp/assets/fonts/Poppins-ThinItalic.ttf"; sourceTree = "<group>"; };
		4304A73F792E4E0FBCAC68BB /* Entypo.ttf */ = {isa = PBXFileReference; explicitFileType = undefined; fileEncoding = 9; includeInIndex = 0; lastKnownFileType = unknown; name = Entypo.ttf; path = "../node_modules/react-native-vector-icons/Fonts/Entypo.ttf"; sourceTree = "<group>"; };
		4D2114265936CBE98A05AE07 /* Pods-FuelStation-FuelStation-tvOS.debug.xcconfig */ = {isa = PBXFileReference; includeInIndex = 1; lastKnownFileType = text.xcconfig; name = "Pods-FuelStation-FuelStation-tvOS.debug.xcconfig"; path = "Target Support Files/Pods-FuelStation-FuelStation-tvOS/Pods-FuelStation-FuelStation-tvOS.debug.xcconfig"; sourceTree = "<group>"; };
		52A06E08A4924736AD4D3022 /* FontAwesome5_Regular.ttf */ = {isa = PBXFileReference; explicitFileType = undefined; fileEncoding = 9; includeInIndex = 0; lastKnownFileType = unknown; name = FontAwesome5_Regular.ttf; path = "../node_modules/react-native-vector-icons/Fonts/FontAwesome5_Regular.ttf"; sourceTree = "<group>"; };
		5AE532D2D8614973AF4AE061 /* Foundation.ttf */ = {isa = PBXFileReference; explicitFileType = undefined; fileEncoding = 9; includeInIndex = 0; lastKnownFileType = unknown; name = Foundation.ttf; path = "../node_modules/react-native-vector-icons/Fonts/Foundation.ttf"; sourceTree = "<group>"; };
		650E0BA2512648277EE6C3C3 /* Pods-FuelStation-FuelStationTests.debug.xcconfig */ = {isa = PBXFileReference; includeInIndex = 1; lastKnownFileType = text.xcconfig; name = "Pods-FuelStation-FuelStationTests.debug.xcconfig"; path = "Target Support Files/Pods-FuelStation-FuelStationTests/Pods-FuelStation-FuelStationTests.debug.xcconfig"; sourceTree = "<group>"; };
		6E4B815D00774A65810D5441 /* Zocial.ttf */ = {isa = PBXFileReference; explicitFileType = undefined; fileEncoding = 9; includeInIndex = 0; lastKnownFileType = unknown; name = Zocial.ttf; path = "../node_modules/react-native-vector-icons/Fonts/Zocial.ttf"; sourceTree = "<group>"; };
		6F52770B1FE3471CBA27F90A /* EvilIcons.ttf */ = {isa = PBXFileReference; explicitFileType = undefined; fileEncoding = 9; includeInIndex = 0; lastKnownFileType = unknown; name = EvilIcons.ttf; path = "../node_modules/react-native-vector-icons/Fonts/EvilIcons.ttf"; sourceTree = "<group>"; };
		6F6220BB034908EF2776035B /* libPods-FuelStation-FuelStation-tvOS.a */ = {isa = PBXFileReference; explicitFileType = archive.ar; includeInIndex = 0; path = "libPods-FuelStation-FuelStation-tvOS.a"; sourceTree = BUILT_PRODUCTS_DIR; };
		7E6557BD5DE845588BE010CE /* Feather.ttf */ = {isa = PBXFileReference; explicitFileType = undefined; fileEncoding = 9; includeInIndex = 0; lastKnownFileType = unknown; name = Feather.ttf; path = "../node_modules/react-native-vector-icons/Fonts/Feather.ttf"; sourceTree = "<group>"; };
		84048F05990BD4D94E5E0FC8 /* Pods-FuelStation-FuelStation-tvOS.release.xcconfig */ = {isa = PBXFileReference; includeInIndex = 1; lastKnownFileType = text.xcconfig; name = "Pods-FuelStation-FuelStation-tvOS.release.xcconfig"; path = "Target Support Files/Pods-FuelStation-FuelStation-tvOS/Pods-FuelStation-FuelStation-tvOS.release.xcconfig"; sourceTree = "<group>"; };
		850384FA20394543B9687726 /* RNBluetoothEscposPrinter.xcodeproj */ = {isa = PBXFileReference; explicitFileType = undefined; fileEncoding = 9; includeInIndex = 0; lastKnownFileType = "wrapper.pb-project"; name = RNBluetoothEscposPrinter.xcodeproj; path = "../node_modules/react-native-bluetooth-escpos-printer/ios/RNBluetoothEscposPrinter.xcodeproj"; sourceTree = "<group>"; };
		912D9E35C94AEA808C1D4861 /* libPods-FuelStation-FuelStationTests.a */ = {isa = PBXFileReference; explicitFileType = archive.ar; includeInIndex = 0; path = "libPods-FuelStation-FuelStationTests.a"; sourceTree = BUILT_PRODUCTS_DIR; };
		9991BD5FAB344AEF9E93C700 /* SimpleLineIcons.ttf */ = {isa = PBXFileReference; explicitFileType = undefined; fileEncoding = 9; includeInIndex = 0; lastKnownFileType = unknown; name = SimpleLineIcons.ttf; path = "../node_modules/react-native-vector-icons/Fonts/SimpleLineIcons.ttf"; sourceTree = "<group>"; };
		9B200F58ABE3494A825E7CC8 /* libRNBluetoothEscposPrinter.a */ = {isa = PBXFileReference; explicitFileType = undefined; fileEncoding = 9; includeInIndex = 0; lastKnownFileType = archive.ar; path = libRNBluetoothEscposPrinter.a; sourceTree = "<group>"; };
		BFF862BAA1F4F6B55F6BB174 /* Pods-FuelStation.release.xcconfig */ = {isa = PBXFileReference; includeInIndex = 1; lastKnownFileType = text.xcconfig; name = "Pods-FuelStation.release.xcconfig"; path = "Target Support Files/Pods-FuelStation/Pods-FuelStation.release.xcconfig"; sourceTree = "<group>"; };
		C24349D0659B4C14B5D43D95 /* Ionicons.ttf */ = {isa = PBXFileReference; explicitFileType = undefined; fileEncoding = 9; includeInIndex = 0; lastKnownFileType = unknown; name = Ionicons.ttf; path = "../node_modules/react-native-vector-icons/Fonts/Ionicons.ttf"; sourceTree = "<group>"; };
		CCA4470539CD44E4B2D98E96 /* Fontisto.ttf */ = {isa = PBXFileReference; explicitFileType = undefined; fileEncoding = 9; includeInIndex = 0; lastKnownFileType = unknown; name = Fontisto.ttf; path = "../node_modules/react-native-vector-icons/Fonts/Fontisto.ttf"; sourceTree = "<group>"; };
		D0878C6EB0DE4BC893E604A3 /* AntDesign.ttf */ = {isa = PBXFileReference; explicitFileType = undefined; fileEncoding = 9; includeInIndex = 0; lastKnownFileType = unknown; name = AntDesign.ttf; path = "../node_modules/react-native-vector-icons/Fonts/AntDesign.ttf"; sourceTree = "<group>"; };
		D1E8F4F36F8A48D080C70A08 /* MaterialIcons.ttf */ = {isa = PBXFileReference; explicitFileType = undefined; fileEncoding = 9; includeInIndex = 0; lastKnownFileType = unknown; name = MaterialIcons.ttf; path = "../node_modules/react-native-vector-icons/Fonts/MaterialIcons.ttf"; sourceTree = "<group>"; };
		DCA3DBC599064BEEBD6DB36F /* FontAwesome5_Solid.ttf */ = {isa = PBXFileReference; explicitFileType = undefined; fileEncoding = 9; includeInIndex = 0; lastKnownFileType = unknown; name = FontAwesome5_Solid.ttf; path = "../node_modules/react-native-vector-icons/Fonts/FontAwesome5_Solid.ttf"; sourceTree = "<group>"; };
		E15D12CE8D551D5DD515C078 /* libPods-FuelStation-tvOSTests.a */ = {isa = PBXFileReference; explicitFileType = archive.ar; includeInIndex = 0; path = "libPods-FuelStation-tvOSTests.a"; sourceTree = BUILT_PRODUCTS_DIR; };
		E7C0685F7CBB8EEA27A1264C /* Pods-FuelStation-tvOSTests.debug.xcconfig */ = {isa = PBXFileReference; includeInIndex = 1; lastKnownFileType = text.xcconfig; name = "Pods-FuelStation-tvOSTests.debug.xcconfig"; path = "Target Support Files/Pods-FuelStation-tvOSTests/Pods-FuelStation-tvOSTests.debug.xcconfig"; sourceTree = "<group>"; };
		ED297162215061F000B7C4FE /* JavaScriptCore.framework */ = {isa = PBXFileReference; lastKnownFileType = wrapper.framework; name = JavaScriptCore.framework; path = System/Library/Frameworks/JavaScriptCore.framework; sourceTree = SDKROOT; };
		ED2971642150620600B7C4FE /* JavaScriptCore.framework */ = {isa = PBXFileReference; lastKnownFileType = wrapper.framework; name = JavaScriptCore.framework; path = Platforms/AppleTVOS.platform/Developer/SDKs/AppleTVOS12.0.sdk/System/Library/Frameworks/JavaScriptCore.framework; sourceTree = DEVELOPER_DIR; };
		EE4591E586E849C3A9F23290 /* MaterialCommunityIcons.ttf */ = {isa = PBXFileReference; explicitFileType = undefined; fileEncoding = 9; includeInIndex = 0; lastKnownFileType = unknown; name = MaterialCommunityIcons.ttf; path = "../node_modules/react-native-vector-icons/Fonts/MaterialCommunityIcons.ttf"; sourceTree = "<group>"; };
		F38A841101EB4E4699E745CF /* Octicons.ttf */ = {isa = PBXFileReference; explicitFileType = undefined; fileEncoding = 9; includeInIndex = 0; lastKnownFileType = unknown; name = Octicons.ttf; path = "../node_modules/react-native-vector-icons/Fonts/Octicons.ttf"; sourceTree = "<group>"; };
/* End PBXFileReference section */

/* Begin PBXFrameworksBuildPhase section */
		00E356EB1AD99517003FC87E /* Frameworks */ = {
			isa = PBXFrameworksBuildPhase;
			buildActionMask = 2147483647;
			files = (
				2DEF8B0F704E6D0C9A647894 /* libPods-FuelStation-FuelStationTests.a in Frameworks */,
			);
			runOnlyForDeploymentPostprocessing = 0;
		};
		13B07F8C1A680F5B00A75B9A /* Frameworks */ = {
			isa = PBXFrameworksBuildPhase;
			buildActionMask = 2147483647;
			files = (
				CD6CEB2B1F6C43BBB2146980 /* libRNBluetoothEscposPrinter.a in Frameworks */,
				5BF476E2933DEC4B793EA343 /* libPods-FuelStation.a in Frameworks */,
			);
			runOnlyForDeploymentPostprocessing = 0;
		};
		2D02E4781E0B4A5D006451C7 /* Frameworks */ = {
			isa = PBXFrameworksBuildPhase;
			buildActionMask = 2147483647;
			files = (
				570253A043D87780052AF43A /* libPods-FuelStation-FuelStation-tvOS.a in Frameworks */,
			);
			runOnlyForDeploymentPostprocessing = 0;
		};
		2D02E48D1E0B4A5D006451C7 /* Frameworks */ = {
			isa = PBXFrameworksBuildPhase;
			buildActionMask = 2147483647;
			files = (
				ED7956A4049410EDD3BAEC70 /* libPods-FuelStation-tvOSTests.a in Frameworks */,
			);
			runOnlyForDeploymentPostprocessing = 0;
		};
/* End PBXFrameworksBuildPhase section */

/* Begin PBXGroup section */
		00E356EF1AD99517003FC87E /* FuelStationTests */ = {
			isa = PBXGroup;
			children = (
				00E356F21AD99517003FC87E /* FuelStationTests.m */,
				00E356F01AD99517003FC87E /* Supporting Files */,
			);
			path = FuelStationTests;
			sourceTree = "<group>";
		};
		00E356F01AD99517003FC87E /* Supporting Files */ = {
			isa = PBXGroup;
			children = (
				00E356F11AD99517003FC87E /* Info.plist */,
			);
			name = "Supporting Files";
			sourceTree = "<group>";
		};
		13B07FAE1A68108700A75B9A /* FuelStation */ = {
			isa = PBXGroup;
			children = (
				008F07F21AC5B25A0029DE68 /* main.jsbundle */,
				13B07FAF1A68108700A75B9A /* AppDelegate.h */,
				13B07FB01A68108700A75B9A /* AppDelegate.m */,
				13B07FB51A68108700A75B9A /* Images.xcassets */,
				13B07FB61A68108700A75B9A /* Info.plist */,
				13B07FB11A68108700A75B9A /* LaunchScreen.xib */,
				13B07FB71A68108700A75B9A /* main.m */,
			);
			name = FuelStation;
			sourceTree = "<group>";
		};
		2D16E6871FA4F8E400B85C8A /* Frameworks */ = {
			isa = PBXGroup;
			children = (
				ED297162215061F000B7C4FE /* JavaScriptCore.framework */,
				ED2971642150620600B7C4FE /* JavaScriptCore.framework */,
				3520D803330BEB3ED1D92071 /* libPods-FuelStation.a */,
				6F6220BB034908EF2776035B /* libPods-FuelStation-FuelStation-tvOS.a */,
				912D9E35C94AEA808C1D4861 /* libPods-FuelStation-FuelStationTests.a */,
				E15D12CE8D551D5DD515C078 /* libPods-FuelStation-tvOSTests.a */,
			);
			name = Frameworks;
			sourceTree = "<group>";
		};
		2D6E5B464E994C1DCA4BE091 /* Pods */ = {
			isa = PBXGroup;
			children = (
				2615DEE75418CAD8BB7077B7 /* Pods-FuelStation.debug.xcconfig */,
				BFF862BAA1F4F6B55F6BB174 /* Pods-FuelStation.release.xcconfig */,
				4D2114265936CBE98A05AE07 /* Pods-FuelStation-FuelStation-tvOS.debug.xcconfig */,
				84048F05990BD4D94E5E0FC8 /* Pods-FuelStation-FuelStation-tvOS.release.xcconfig */,
				650E0BA2512648277EE6C3C3 /* Pods-FuelStation-FuelStationTests.debug.xcconfig */,
				302433D4F50E487D201D38ED /* Pods-FuelStation-FuelStationTests.release.xcconfig */,
				E7C0685F7CBB8EEA27A1264C /* Pods-FuelStation-tvOSTests.debug.xcconfig */,
				291BBFE88F4C138234E88209 /* Pods-FuelStation-tvOSTests.release.xcconfig */,
			);
			path = Pods;
			sourceTree = "<group>";
		};
		38FE47162510BD5C00F099A7 /* Recovered References */ = {
			isa = PBXGroup;
			children = (
				9B200F58ABE3494A825E7CC8 /* libRNBluetoothEscposPrinter.a */,
			);
			name = "Recovered References";
			sourceTree = "<group>";
		};
		38FE47182510BD5F00F099A7 /* Products */ = {
			isa = PBXGroup;
			children = (
				38FE471C2510BD5F00F099A7 /* libRNBluetoothEscposPrinter.a */,
			);
			name = Products;
			sourceTree = "<group>";
		};
		832341AE1AAA6A7D00B99B32 /* Libraries */ = {
			isa = PBXGroup;
			children = (
				850384FA20394543B9687726 /* RNBluetoothEscposPrinter.xcodeproj */,
			);
			name = Libraries;
			sourceTree = "<group>";
		};
		83CBB9F61A601CBA00E9B192 = {
			isa = PBXGroup;
			children = (
				13B07FAE1A68108700A75B9A /* FuelStation */,
				832341AE1AAA6A7D00B99B32 /* Libraries */,
				00E356EF1AD99517003FC87E /* FuelStationTests */,
				83CBBA001A601CBA00E9B192 /* Products */,
				2D16E6871FA4F8E400B85C8A /* Frameworks */,
				A33B128C646E4F39B0975468 /* Resources */,
				2D6E5B464E994C1DCA4BE091 /* Pods */,
				38FE47162510BD5C00F099A7 /* Recovered References */,
			);
			indentWidth = 2;
			sourceTree = "<group>";
			tabWidth = 2;
			usesTabs = 0;
		};
		83CBBA001A601CBA00E9B192 /* Products */ = {
			isa = PBXGroup;
			children = (
				13B07F961A680F5B00A75B9A /* FuelStation.app */,
				00E356EE1AD99517003FC87E /* FuelStationTests.xctest */,
				2D02E47B1E0B4A5D006451C7 /* FuelStation-tvOS.app */,
				2D02E4901E0B4A5D006451C7 /* FuelStation-tvOSTests.xctest */,
			);
			name = Products;
			sourceTree = "<group>";
		};
		A33B128C646E4F39B0975468 /* Resources */ = {
			isa = PBXGroup;
			children = (
				D0878C6EB0DE4BC893E604A3 /* AntDesign.ttf */,
				4304A73F792E4E0FBCAC68BB /* Entypo.ttf */,
				6F52770B1FE3471CBA27F90A /* EvilIcons.ttf */,
				7E6557BD5DE845588BE010CE /* Feather.ttf */,
				38FE47242510C05800F099A7 /* OFL.txt */,
				38FE47212510C05800F099A7 /* Poppins-Black.ttf */,
				38FE472E2510C05900F099A7 /* Poppins-BlackItalic.ttf */,
				38FE47262510C05800F099A7 /* Poppins-Bold.ttf */,
				38FE472D2510C05800F099A7 /* Poppins-BoldItalic.ttf */,
				38FE47222510C05800F099A7 /* Poppins-ExtraBold.ttf */,
				38FE471E2510C05800F099A7 /* Poppins-ExtraBoldItalic.ttf */,
				38FE472B2510C05800F099A7 /* Poppins-ExtraLight.ttf */,
				38FE471F2510C05800F099A7 /* Poppins-ExtraLightItalic.ttf */,
				38FE472C2510C05800F099A7 /* Poppins-Italic.ttf */,
				38FE47232510C05800F099A7 /* Poppins-Light.ttf */,
				38FE471D2510C05800F099A7 /* Poppins-LightItalic.ttf */,
				38FE47202510C05800F099A7 /* Poppins-Medium.ttf */,
				38FE47252510C05800F099A7 /* Poppins-MediumItalic.ttf */,
				38FE47282510C05800F099A7 /* Poppins-Regular.ttf */,
				38FE472A2510C05800F099A7 /* Poppins-SemiBold.ttf */,
				38FE47292510C05800F099A7 /* Poppins-SemiBoldItalic.ttf */,
				38FE47272510C05800F099A7 /* Poppins-Thin.ttf */,
				38FE472F2510C05900F099A7 /* Poppins-ThinItalic.ttf */,
				190E66DEF62D4AFDA06A34D4 /* FontAwesome.ttf */,
				24E312EABBBD4A2EB1FDE8F8 /* FontAwesome5_Brands.ttf */,
				52A06E08A4924736AD4D3022 /* FontAwesome5_Regular.ttf */,
				DCA3DBC599064BEEBD6DB36F /* FontAwesome5_Solid.ttf */,
				CCA4470539CD44E4B2D98E96 /* Fontisto.ttf */,
				5AE532D2D8614973AF4AE061 /* Foundation.ttf */,
				C24349D0659B4C14B5D43D95 /* Ionicons.ttf */,
				EE4591E586E849C3A9F23290 /* MaterialCommunityIcons.ttf */,
				D1E8F4F36F8A48D080C70A08 /* MaterialIcons.ttf */,
				F38A841101EB4E4699E745CF /* Octicons.ttf */,
				9991BD5FAB344AEF9E93C700 /* SimpleLineIcons.ttf */,
				6E4B815D00774A65810D5441 /* Zocial.ttf */,
			);
			name = Resources;
			sourceTree = "<group>";
		};
/* End PBXGroup section */

/* Begin PBXNativeTarget section */
		00E356ED1AD99517003FC87E /* FuelStationTests */ = {
			isa = PBXNativeTarget;
			buildConfigurationList = 00E357021AD99517003FC87E /* Build configuration list for PBXNativeTarget "FuelStationTests" */;
			buildPhases = (
				C5D9842458D5EC4E681ECBEC /* [CP] Check Pods Manifest.lock */,
				00E356EA1AD99517003FC87E /* Sources */,
				00E356EB1AD99517003FC87E /* Frameworks */,
				00E356EC1AD99517003FC87E /* Resources */,
				CC29EF8E8AE08C764B380DD1 /* [CP] Copy Pods Resources */,
			);
			buildRules = (
			);
			dependencies = (
				00E356F51AD99517003FC87E /* PBXTargetDependency */,
			);
			name = FuelStationTests;
			productName = FuelStationTests;
			productReference = 00E356EE1AD99517003FC87E /* FuelStationTests.xctest */;
			productType = "com.apple.product-type.bundle.unit-test";
		};
		13B07F861A680F5B00A75B9A /* FuelStation */ = {
			isa = PBXNativeTarget;
			buildConfigurationList = 13B07F931A680F5B00A75B9A /* Build configuration list for PBXNativeTarget "FuelStation" */;
			buildPhases = (
				5C566D79C13810F64E3F1EBD /* [CP] Check Pods Manifest.lock */,
				FD10A7F022414F080027D42C /* Start Packager */,
				13B07F871A680F5B00A75B9A /* Sources */,
				13B07F8C1A680F5B00A75B9A /* Frameworks */,
				13B07F8E1A680F5B00A75B9A /* Resources */,
				00DD1BFF1BD5951E006B06BC /* Bundle React Native code and images */,
				63AC5DBAF1980FFA9D1EF99D /* [CP] Copy Pods Resources */,
			);
			buildRules = (
			);
			dependencies = (
			);
			name = FuelStation;
			productName = FuelStation;
			productReference = 13B07F961A680F5B00A75B9A /* FuelStation.app */;
			productType = "com.apple.product-type.application";
		};
		2D02E47A1E0B4A5D006451C7 /* FuelStation-tvOS */ = {
			isa = PBXNativeTarget;
			buildConfigurationList = 2D02E4BA1E0B4A5E006451C7 /* Build configuration list for PBXNativeTarget "FuelStation-tvOS" */;
			buildPhases = (
				D3C3F67292B997A5C8B31A0E /* [CP] Check Pods Manifest.lock */,
				FD10A7F122414F3F0027D42C /* Start Packager */,
				2D02E4771E0B4A5D006451C7 /* Sources */,
				2D02E4781E0B4A5D006451C7 /* Frameworks */,
				2D02E4791E0B4A5D006451C7 /* Resources */,
				2D02E4CB1E0B4B27006451C7 /* Bundle React Native Code And Images */,
				A0B50813B2F1F22B9207F7BA /* [CP] Copy Pods Resources */,
			);
			buildRules = (
			);
			dependencies = (
			);
			name = "FuelStation-tvOS";
			productName = "FuelStation-tvOS";
			productReference = 2D02E47B1E0B4A5D006451C7 /* FuelStation-tvOS.app */;
			productType = "com.apple.product-type.application";
		};
		2D02E48F1E0B4A5D006451C7 /* FuelStation-tvOSTests */ = {
			isa = PBXNativeTarget;
			buildConfigurationList = 2D02E4BB1E0B4A5E006451C7 /* Build configuration list for PBXNativeTarget "FuelStation-tvOSTests" */;
			buildPhases = (
				127EFE60F12FDB1EA3ADAB6C /* [CP] Check Pods Manifest.lock */,
				2D02E48C1E0B4A5D006451C7 /* Sources */,
				2D02E48D1E0B4A5D006451C7 /* Frameworks */,
				2D02E48E1E0B4A5D006451C7 /* Resources */,
			);
			buildRules = (
			);
			dependencies = (
				2D02E4921E0B4A5D006451C7 /* PBXTargetDependency */,
			);
			name = "FuelStation-tvOSTests";
			productName = "FuelStation-tvOSTests";
			productReference = 2D02E4901E0B4A5D006451C7 /* FuelStation-tvOSTests.xctest */;
			productType = "com.apple.product-type.bundle.unit-test";
		};
/* End PBXNativeTarget section */

/* Begin PBXProject section */
		83CBB9F71A601CBA00E9B192 /* Project object */ = {
			isa = PBXProject;
			attributes = {
				LastUpgradeCheck = 1130;
				TargetAttributes = {
					00E356ED1AD99517003FC87E = {
						CreatedOnToolsVersion = 6.2;
						TestTargetID = 13B07F861A680F5B00A75B9A;
					};
					13B07F861A680F5B00A75B9A = {
						LastSwiftMigration = 1120;
					};
					2D02E47A1E0B4A5D006451C7 = {
						CreatedOnToolsVersion = 8.2.1;
						ProvisioningStyle = Automatic;
					};
					2D02E48F1E0B4A5D006451C7 = {
						CreatedOnToolsVersion = 8.2.1;
						ProvisioningStyle = Automatic;
						TestTargetID = 2D02E47A1E0B4A5D006451C7;
					};
				};
			};
			buildConfigurationList = 83CBB9FA1A601CBA00E9B192 /* Build configuration list for PBXProject "FuelStation" */;
			compatibilityVersion = "Xcode 3.2";
			developmentRegion = en;
			hasScannedForEncodings = 0;
			knownRegions = (
				en,
				Base,
			);
			mainGroup = 83CBB9F61A601CBA00E9B192;
			productRefGroup = 83CBBA001A601CBA00E9B192 /* Products */;
			projectDirPath = "";
			projectReferences = (
				{
					ProductGroup = 38FE47182510BD5F00F099A7 /* Products */;
					ProjectRef = 850384FA20394543B9687726 /* RNBluetoothEscposPrinter.xcodeproj */;
				},
			);
			projectRoot = "";
			targets = (
				13B07F861A680F5B00A75B9A /* FuelStation */,
				00E356ED1AD99517003FC87E /* FuelStationTests */,
				2D02E47A1E0B4A5D006451C7 /* FuelStation-tvOS */,
				2D02E48F1E0B4A5D006451C7 /* FuelStation-tvOSTests */,
			);
		};
/* End PBXProject section */

/* Begin PBXReferenceProxy section */
		38FE471C2510BD5F00F099A7 /* libRNBluetoothEscposPrinter.a */ = {
			isa = PBXReferenceProxy;
			fileType = archive.ar;
			path = libRNBluetoothEscposPrinter.a;
			remoteRef = 38FE471B2510BD5F00F099A7 /* PBXContainerItemProxy */;
			sourceTree = BUILT_PRODUCTS_DIR;
		};
/* End PBXReferenceProxy section */

/* Begin PBXResourcesBuildPhase section */
		00E356EC1AD99517003FC87E /* Resources */ = {
			isa = PBXResourcesBuildPhase;
			buildActionMask = 2147483647;
			files = (
				38FE47692510C05900F099A7 /* Poppins-ExtraLight.ttf in Resources */,
				38FE47492510C05900F099A7 /* Poppins-Light.ttf in Resources */,
				38FE47652510C05900F099A7 /* Poppins-SemiBold.ttf in Resources */,
				38FE47392510C05900F099A7 /* Poppins-ExtraLightItalic.ttf in Resources */,
				38FE473D2510C05900F099A7 /* Poppins-Medium.ttf in Resources */,
				38FE47612510C05900F099A7 /* Poppins-SemiBoldItalic.ttf in Resources */,
				38FE475D2510C05900F099A7 /* Poppins-Regular.ttf in Resources */,
				38FE47352510C05900F099A7 /* Poppins-ExtraBoldItalic.ttf in Resources */,
				38FE47312510C05900F099A7 /* Poppins-LightItalic.ttf in Resources */,
				38FE47712510C05900F099A7 /* Poppins-BoldItalic.ttf in Resources */,
				38FE47452510C05900F099A7 /* Poppins-ExtraBold.ttf in Resources */,
				38FE476D2510C05900F099A7 /* Poppins-Italic.ttf in Resources */,
				38FE474D2510C05900F099A7 /* OFL.txt in Resources */,
				38FE47552510C05900F099A7 /* Poppins-Bold.ttf in Resources */,
				38FE47512510C05900F099A7 /* Poppins-MediumItalic.ttf in Resources */,
				38FE47592510C05900F099A7 /* Poppins-Thin.ttf in Resources */,
				38FE47752510C05900F099A7 /* Poppins-BlackItalic.ttf in Resources */,
				38FE47792510C05900F099A7 /* Poppins-ThinItalic.ttf in Resources */,
				38FE47412510C05900F099A7 /* Poppins-Black.ttf in Resources */,
			);
			runOnlyForDeploymentPostprocessing = 0;
		};
		13B07F8E1A680F5B00A75B9A /* Resources */ = {
			isa = PBXResourcesBuildPhase;
			buildActionMask = 2147483647;
			files = (
				13B07FBF1A68108700A75B9A /* Images.xcassets in Resources */,
				38FE47602510C05900F099A7 /* Poppins-SemiBoldItalic.ttf in Resources */,
				13B07FBD1A68108700A75B9A /* LaunchScreen.xib in Resources */,
				6614871047484A07AF7A1591 /* AntDesign.ttf in Resources */,
				CCEF4461BBE546259CCB2EF1 /* Entypo.ttf in Resources */,
				38FE47442510C05900F099A7 /* Poppins-ExtraBold.ttf in Resources */,
				38FE47402510C05900F099A7 /* Poppins-Black.ttf in Resources */,
				38FE47482510C05900F099A7 /* Poppins-Light.ttf in Resources */,
				38FE47502510C05900F099A7 /* Poppins-MediumItalic.ttf in Resources */,
				38FE47782510C05900F099A7 /* Poppins-ThinItalic.ttf in Resources */,
				38FE47702510C05900F099A7 /* Poppins-BoldItalic.ttf in Resources */,
				38FE47342510C05900F099A7 /* Poppins-ExtraBoldItalic.ttf in Resources */,
				38FE475C2510C05900F099A7 /* Poppins-Regular.ttf in Resources */,
				38FE474C2510C05900F099A7 /* OFL.txt in Resources */,
				B807BA014DA4411D9D6A3F0A /* EvilIcons.ttf in Resources */,
				38FE47302510C05900F099A7 /* Poppins-LightItalic.ttf in Resources */,
				477189D419C1435AB27DEC4D /* Feather.ttf in Resources */,
				38FE47742510C05900F099A7 /* Poppins-BlackItalic.ttf in Resources */,
				74BA1AC5A9FB4BF2898CAEBA /* FontAwesome.ttf in Resources */,
				878938D1556A4889BB054761 /* FontAwesome5_Brands.ttf in Resources */,
				D94E8B67C3EA463F9A00F8B1 /* FontAwesome5_Regular.ttf in Resources */,
				38FE476C2510C05900F099A7 /* Poppins-Italic.ttf in Resources */,
				38FE47682510C05900F099A7 /* Poppins-ExtraLight.ttf in Resources */,
				B71029BFF8664ACCBE2B04B0 /* FontAwesome5_Solid.ttf in Resources */,
				A08AC3E6B58D40E1B73C9779 /* Fontisto.ttf in Resources */,
				38FE473C2510C05900F099A7 /* Poppins-Medium.ttf in Resources */,
				38FE47642510C05900F099A7 /* Poppins-SemiBold.ttf in Resources */,
				E9B9F0460E8243499125F70D /* Foundation.ttf in Resources */,
				4F921F97629D47F691056D95 /* Ionicons.ttf in Resources */,
				38FE47382510C05900F099A7 /* Poppins-ExtraLightItalic.ttf in Resources */,
				8B6926CF9FF14DFF87879379 /* MaterialCommunityIcons.ttf in Resources */,
				38FE47542510C05900F099A7 /* Poppins-Bold.ttf in Resources */,
				38FE47582510C05900F099A7 /* Poppins-Thin.ttf in Resources */,
				A98E5A28C8D34A04A41A0419 /* MaterialIcons.ttf in Resources */,
				0EF9065583D247648F1F6C8B /* Octicons.ttf in Resources */,
				E3EA366EDF724772999616B7 /* SimpleLineIcons.ttf in Resources */,
				F2C5D56B3FAE4EDFA53247FC /* Zocial.ttf in Resources */,
			);
			runOnlyForDeploymentPostprocessing = 0;
		};
		2D02E4791E0B4A5D006451C7 /* Resources */ = {
			isa = PBXResourcesBuildPhase;
			buildActionMask = 2147483647;
			files = (
				38FE47662510C05900F099A7 /* Poppins-SemiBold.ttf in Resources */,
				38FE476E2510C05900F099A7 /* Poppins-Italic.ttf in Resources */,
				38FE47422510C05900F099A7 /* Poppins-Black.ttf in Resources */,
				38FE473A2510C05900F099A7 /* Poppins-ExtraLightItalic.ttf in Resources */,
				38FE475E2510C05900F099A7 /* Poppins-Regular.ttf in Resources */,
				38FE476A2510C05900F099A7 /* Poppins-ExtraLight.ttf in Resources */,
				38FE47622510C05900F099A7 /* Poppins-SemiBoldItalic.ttf in Resources */,
				38FE47362510C05900F099A7 /* Poppins-ExtraBoldItalic.ttf in Resources */,
				38FE474E2510C05900F099A7 /* OFL.txt in Resources */,
				38FE47722510C05900F099A7 /* Poppins-BoldItalic.ttf in Resources */,
				38FE474A2510C05900F099A7 /* Poppins-Light.ttf in Resources */,
				38FE47462510C05900F099A7 /* Poppins-ExtraBold.ttf in Resources */,
				2D02E4BD1E0B4A84006451C7 /* Images.xcassets in Resources */,
				38FE47562510C05900F099A7 /* Poppins-Bold.ttf in Resources */,
				38FE47322510C05900F099A7 /* Poppins-LightItalic.ttf in Resources */,
				38FE475A2510C05900F099A7 /* Poppins-Thin.ttf in Resources */,
				38FE47762510C05900F099A7 /* Poppins-BlackItalic.ttf in Resources */,
				38FE477A2510C05900F099A7 /* Poppins-ThinItalic.ttf in Resources */,
				38FE473E2510C05900F099A7 /* Poppins-Medium.ttf in Resources */,
				38FE47522510C05900F099A7 /* Poppins-MediumItalic.ttf in Resources */,
			);
			runOnlyForDeploymentPostprocessing = 0;
		};
		2D02E48E1E0B4A5D006451C7 /* Resources */ = {
			isa = PBXResourcesBuildPhase;
			buildActionMask = 2147483647;
			files = (
				38FE476B2510C05900F099A7 /* Poppins-ExtraLight.ttf in Resources */,
				38FE474B2510C05900F099A7 /* Poppins-Light.ttf in Resources */,
				38FE47672510C05900F099A7 /* Poppins-SemiBold.ttf in Resources */,
				38FE473B2510C05900F099A7 /* Poppins-ExtraLightItalic.ttf in Resources */,
				38FE473F2510C05900F099A7 /* Poppins-Medium.ttf in Resources */,
				38FE47632510C05900F099A7 /* Poppins-SemiBoldItalic.ttf in Resources */,
				38FE475F2510C05900F099A7 /* Poppins-Regular.ttf in Resources */,
				38FE47372510C05900F099A7 /* Poppins-ExtraBoldItalic.ttf in Resources */,
				38FE47332510C05900F099A7 /* Poppins-LightItalic.ttf in Resources */,
				38FE47732510C05900F099A7 /* Poppins-BoldItalic.ttf in Resources */,
				38FE47472510C05900F099A7 /* Poppins-ExtraBold.ttf in Resources */,
				38FE476F2510C05900F099A7 /* Poppins-Italic.ttf in Resources */,
				38FE474F2510C05900F099A7 /* OFL.txt in Resources */,
				38FE47572510C05900F099A7 /* Poppins-Bold.ttf in Resources */,
				38FE47532510C05900F099A7 /* Poppins-MediumItalic.ttf in Resources */,
				38FE475B2510C05900F099A7 /* Poppins-Thin.ttf in Resources */,
				38FE47772510C05900F099A7 /* Poppins-BlackItalic.ttf in Resources */,
				38FE477B2510C05900F099A7 /* Poppins-ThinItalic.ttf in Resources */,
				38FE47432510C05900F099A7 /* Poppins-Black.ttf in Resources */,
			);
			runOnlyForDeploymentPostprocessing = 0;
		};
/* End PBXResourcesBuildPhase section */

/* Begin PBXShellScriptBuildPhase section */
		00DD1BFF1BD5951E006B06BC /* Bundle React Native code and images */ = {
			isa = PBXShellScriptBuildPhase;
			buildActionMask = 2147483647;
			files = (
			);
			inputPaths = (
			);
			name = "Bundle React Native code and images";
			outputPaths = (
			);
			runOnlyForDeploymentPostprocessing = 0;
			shellPath = /bin/sh;
			shellScript = "export NODE_BINARY=node\n../node_modules/react-native/scripts/react-native-xcode.sh\n";
		};
		127EFE60F12FDB1EA3ADAB6C /* [CP] Check Pods Manifest.lock */ = {
			isa = PBXShellScriptBuildPhase;
			buildActionMask = 2147483647;
			files = (
			);
			inputFileListPaths = (
			);
			inputPaths = (
				"${PODS_PODFILE_DIR_PATH}/Podfile.lock",
				"${PODS_ROOT}/Manifest.lock",
			);
			name = "[CP] Check Pods Manifest.lock";
			outputFileListPaths = (
			);
			outputPaths = (
				"$(DERIVED_FILE_DIR)/Pods-FuelStation-tvOSTests-checkManifestLockResult.txt",
			);
			runOnlyForDeploymentPostprocessing = 0;
			shellPath = /bin/sh;
			shellScript = "diff \"${PODS_PODFILE_DIR_PATH}/Podfile.lock\" \"${PODS_ROOT}/Manifest.lock\" > /dev/null\nif [ $? != 0 ] ; then\n    # print error to STDERR\n    echo \"error: The sandbox is not in sync with the Podfile.lock. Run 'pod install' or update your CocoaPods installation.\" >&2\n    exit 1\nfi\n# This output is used by Xcode 'outputs' to avoid re-running this script phase.\necho \"SUCCESS\" > \"${SCRIPT_OUTPUT_FILE_0}\"\n";
			showEnvVarsInLog = 0;
		};
		2D02E4CB1E0B4B27006451C7 /* Bundle React Native Code And Images */ = {
			isa = PBXShellScriptBuildPhase;
			buildActionMask = 2147483647;
			files = (
			);
			inputPaths = (
			);
			name = "Bundle React Native Code And Images";
			outputPaths = (
			);
			runOnlyForDeploymentPostprocessing = 0;
			shellPath = /bin/sh;
			shellScript = "export NODE_BINARY=node\n../node_modules/react-native/scripts/react-native-xcode.sh";
		};
		5C566D79C13810F64E3F1EBD /* [CP] Check Pods Manifest.lock */ = {
			isa = PBXShellScriptBuildPhase;
			buildActionMask = 2147483647;
			files = (
			);
			inputFileListPaths = (
			);
			inputPaths = (
				"${PODS_PODFILE_DIR_PATH}/Podfile.lock",
				"${PODS_ROOT}/Manifest.lock",
			);
			name = "[CP] Check Pods Manifest.lock";
			outputFileListPaths = (
			);
			outputPaths = (
				"$(DERIVED_FILE_DIR)/Pods-FuelStation-checkManifestLockResult.txt",
			);
			runOnlyForDeploymentPostprocessing = 0;
			shellPath = /bin/sh;
			shellScript = "diff \"${PODS_PODFILE_DIR_PATH}/Podfile.lock\" \"${PODS_ROOT}/Manifest.lock\" > /dev/null\nif [ $? != 0 ] ; then\n    # print error to STDERR\n    echo \"error: The sandbox is not in sync with the Podfile.lock. Run 'pod install' or update your CocoaPods installation.\" >&2\n    exit 1\nfi\n# This output is used by Xcode 'outputs' to avoid re-running this script phase.\necho \"SUCCESS\" > \"${SCRIPT_OUTPUT_FILE_0}\"\n";
			showEnvVarsInLog = 0;
		};
		63AC5DBAF1980FFA9D1EF99D /* [CP] Copy Pods Resources */ = {
			isa = PBXShellScriptBuildPhase;
			buildActionMask = 2147483647;
			files = (
			);
			inputPaths = (
				"${PODS_ROOT}/Target Support Files/Pods-FuelStation/Pods-FuelStation-resources.sh",
				"${PODS_ROOT}/../../node_modules/react-native-vector-icons/Fonts/AntDesign.ttf",
				"${PODS_ROOT}/../../node_modules/react-native-vector-icons/Fonts/Entypo.ttf",
				"${PODS_ROOT}/../../node_modules/react-native-vector-icons/Fonts/EvilIcons.ttf",
				"${PODS_ROOT}/../../node_modules/react-native-vector-icons/Fonts/Feather.ttf",
				"${PODS_ROOT}/../../node_modules/react-native-vector-icons/Fonts/FontAwesome.ttf",
				"${PODS_ROOT}/../../node_modules/react-native-vector-icons/Fonts/FontAwesome5_Brands.ttf",
				"${PODS_ROOT}/../../node_modules/react-native-vector-icons/Fonts/FontAwesome5_Regular.ttf",
				"${PODS_ROOT}/../../node_modules/react-native-vector-icons/Fonts/FontAwesome5_Solid.ttf",
				"${PODS_ROOT}/../../node_modules/react-native-vector-icons/Fonts/Fontisto.ttf",
				"${PODS_ROOT}/../../node_modules/react-native-vector-icons/Fonts/Foundation.ttf",
				"${PODS_ROOT}/../../node_modules/react-native-vector-icons/Fonts/Ionicons.ttf",
				"${PODS_ROOT}/../../node_modules/react-native-vector-icons/Fonts/MaterialCommunityIcons.ttf",
				"${PODS_ROOT}/../../node_modules/react-native-vector-icons/Fonts/MaterialIcons.ttf",
				"${PODS_ROOT}/../../node_modules/react-native-vector-icons/Fonts/Octicons.ttf",
				"${PODS_ROOT}/../../node_modules/react-native-vector-icons/Fonts/SimpleLineIcons.ttf",
				"${PODS_ROOT}/../../node_modules/react-native-vector-icons/Fonts/Zocial.ttf",
				"${PODS_CONFIGURATION_BUILD_DIR}/React-Core/AccessibilityResources.bundle",
			);
			name = "[CP] Copy Pods Resources";
			outputPaths = (
				"${TARGET_BUILD_DIR}/${UNLOCALIZED_RESOURCES_FOLDER_PATH}/AntDesign.ttf",
				"${TARGET_BUILD_DIR}/${UNLOCALIZED_RESOURCES_FOLDER_PATH}/Entypo.ttf",
				"${TARGET_BUILD_DIR}/${UNLOCALIZED_RESOURCES_FOLDER_PATH}/EvilIcons.ttf",
				"${TARGET_BUILD_DIR}/${UNLOCALIZED_RESOURCES_FOLDER_PATH}/Feather.ttf",
				"${TARGET_BUILD_DIR}/${UNLOCALIZED_RESOURCES_FOLDER_PATH}/FontAwesome.ttf",
				"${TARGET_BUILD_DIR}/${UNLOCALIZED_RESOURCES_FOLDER_PATH}/FontAwesome5_Brands.ttf",
				"${TARGET_BUILD_DIR}/${UNLOCALIZED_RESOURCES_FOLDER_PATH}/FontAwesome5_Regular.ttf",
				"${TARGET_BUILD_DIR}/${UNLOCALIZED_RESOURCES_FOLDER_PATH}/FontAwesome5_Solid.ttf",
				"${TARGET_BUILD_DIR}/${UNLOCALIZED_RESOURCES_FOLDER_PATH}/Fontisto.ttf",
				"${TARGET_BUILD_DIR}/${UNLOCALIZED_RESOURCES_FOLDER_PATH}/Foundation.ttf",
				"${TARGET_BUILD_DIR}/${UNLOCALIZED_RESOURCES_FOLDER_PATH}/Ionicons.ttf",
				"${TARGET_BUILD_DIR}/${UNLOCALIZED_RESOURCES_FOLDER_PATH}/MaterialCommunityIcons.ttf",
				"${TARGET_BUILD_DIR}/${UNLOCALIZED_RESOURCES_FOLDER_PATH}/MaterialIcons.ttf",
				"${TARGET_BUILD_DIR}/${UNLOCALIZED_RESOURCES_FOLDER_PATH}/Octicons.ttf",
				"${TARGET_BUILD_DIR}/${UNLOCALIZED_RESOURCES_FOLDER_PATH}/SimpleLineIcons.ttf",
				"${TARGET_BUILD_DIR}/${UNLOCALIZED_RESOURCES_FOLDER_PATH}/Zocial.ttf",
				"${TARGET_BUILD_DIR}/${UNLOCALIZED_RESOURCES_FOLDER_PATH}/AccessibilityResources.bundle",
			);
			runOnlyForDeploymentPostprocessing = 0;
			shellPath = /bin/sh;
			shellScript = "\"${PODS_ROOT}/Target Support Files/Pods-FuelStation/Pods-FuelStation-resources.sh\"\n";
			showEnvVarsInLog = 0;
		};
		A0B50813B2F1F22B9207F7BA /* [CP] Copy Pods Resources */ = {
			isa = PBXShellScriptBuildPhase;
			buildActionMask = 2147483647;
			files = (
			);
			inputPaths = (
				"${PODS_ROOT}/Target Support Files/Pods-FuelStation-FuelStation-tvOS/Pods-FuelStation-FuelStation-tvOS-resources.sh",
				"${PODS_ROOT}/../../node_modules/react-native-vector-icons/Fonts/AntDesign.ttf",
				"${PODS_ROOT}/../../node_modules/react-native-vector-icons/Fonts/Entypo.ttf",
				"${PODS_ROOT}/../../node_modules/react-native-vector-icons/Fonts/EvilIcons.ttf",
				"${PODS_ROOT}/../../node_modules/react-native-vector-icons/Fonts/Feather.ttf",
				"${PODS_ROOT}/../../node_modules/react-native-vector-icons/Fonts/FontAwesome.ttf",
				"${PODS_ROOT}/../../node_modules/react-native-vector-icons/Fonts/FontAwesome5_Brands.ttf",
				"${PODS_ROOT}/../../node_modules/react-native-vector-icons/Fonts/FontAwesome5_Regular.ttf",
				"${PODS_ROOT}/../../node_modules/react-native-vector-icons/Fonts/FontAwesome5_Solid.ttf",
				"${PODS_ROOT}/../../node_modules/react-native-vector-icons/Fonts/Fontisto.ttf",
				"${PODS_ROOT}/../../node_modules/react-native-vector-icons/Fonts/Foundation.ttf",
				"${PODS_ROOT}/../../node_modules/react-native-vector-icons/Fonts/Ionicons.ttf",
				"${PODS_ROOT}/../../node_modules/react-native-vector-icons/Fonts/MaterialCommunityIcons.ttf",
				"${PODS_ROOT}/../../node_modules/react-native-vector-icons/Fonts/MaterialIcons.ttf",
				"${PODS_ROOT}/../../node_modules/react-native-vector-icons/Fonts/Octicons.ttf",
				"${PODS_ROOT}/../../node_modules/react-native-vector-icons/Fonts/SimpleLineIcons.ttf",
				"${PODS_ROOT}/../../node_modules/react-native-vector-icons/Fonts/Zocial.ttf",
				"${PODS_CONFIGURATION_BUILD_DIR}/React-Core/AccessibilityResources.bundle",
			);
			name = "[CP] Copy Pods Resources";
			outputPaths = (
				"${TARGET_BUILD_DIR}/${UNLOCALIZED_RESOURCES_FOLDER_PATH}/AntDesign.ttf",
				"${TARGET_BUILD_DIR}/${UNLOCALIZED_RESOURCES_FOLDER_PATH}/Entypo.ttf",
				"${TARGET_BUILD_DIR}/${UNLOCALIZED_RESOURCES_FOLDER_PATH}/EvilIcons.ttf",
				"${TARGET_BUILD_DIR}/${UNLOCALIZED_RESOURCES_FOLDER_PATH}/Feather.ttf",
				"${TARGET_BUILD_DIR}/${UNLOCALIZED_RESOURCES_FOLDER_PATH}/FontAwesome.ttf",
				"${TARGET_BUILD_DIR}/${UNLOCALIZED_RESOURCES_FOLDER_PATH}/FontAwesome5_Brands.ttf",
				"${TARGET_BUILD_DIR}/${UNLOCALIZED_RESOURCES_FOLDER_PATH}/FontAwesome5_Regular.ttf",
				"${TARGET_BUILD_DIR}/${UNLOCALIZED_RESOURCES_FOLDER_PATH}/FontAwesome5_Solid.ttf",
				"${TARGET_BUILD_DIR}/${UNLOCALIZED_RESOURCES_FOLDER_PATH}/Fontisto.ttf",
				"${TARGET_BUILD_DIR}/${UNLOCALIZED_RESOURCES_FOLDER_PATH}/Foundation.ttf",
				"${TARGET_BUILD_DIR}/${UNLOCALIZED_RESOURCES_FOLDER_PATH}/Ionicons.ttf",
				"${TARGET_BUILD_DIR}/${UNLOCALIZED_RESOURCES_FOLDER_PATH}/MaterialCommunityIcons.ttf",
				"${TARGET_BUILD_DIR}/${UNLOCALIZED_RESOURCES_FOLDER_PATH}/MaterialIcons.ttf",
				"${TARGET_BUILD_DIR}/${UNLOCALIZED_RESOURCES_FOLDER_PATH}/Octicons.ttf",
				"${TARGET_BUILD_DIR}/${UNLOCALIZED_RESOURCES_FOLDER_PATH}/SimpleLineIcons.ttf",
				"${TARGET_BUILD_DIR}/${UNLOCALIZED_RESOURCES_FOLDER_PATH}/Zocial.ttf",
				"${TARGET_BUILD_DIR}/${UNLOCALIZED_RESOURCES_FOLDER_PATH}/AccessibilityResources.bundle",
			);
			runOnlyForDeploymentPostprocessing = 0;
			shellPath = /bin/sh;
			shellScript = "\"${PODS_ROOT}/Target Support Files/Pods-FuelStation-FuelStation-tvOS/Pods-FuelStation-FuelStation-tvOS-resources.sh\"\n";
			showEnvVarsInLog = 0;
		};
		C5D9842458D5EC4E681ECBEC /* [CP] Check Pods Manifest.lock */ = {
			isa = PBXShellScriptBuildPhase;
			buildActionMask = 2147483647;
			files = (
			);
			inputFileListPaths = (
			);
			inputPaths = (
				"${PODS_PODFILE_DIR_PATH}/Podfile.lock",
				"${PODS_ROOT}/Manifest.lock",
			);
			name = "[CP] Check Pods Manifest.lock";
			outputFileListPaths = (
			);
			outputPaths = (
				"$(DERIVED_FILE_DIR)/Pods-FuelStation-FuelStationTests-checkManifestLockResult.txt",
			);
			runOnlyForDeploymentPostprocessing = 0;
			shellPath = /bin/sh;
			shellScript = "diff \"${PODS_PODFILE_DIR_PATH}/Podfile.lock\" \"${PODS_ROOT}/Manifest.lock\" > /dev/null\nif [ $? != 0 ] ; then\n    # print error to STDERR\n    echo \"error: The sandbox is not in sync with the Podfile.lock. Run 'pod install' or update your CocoaPods installation.\" >&2\n    exit 1\nfi\n# This output is used by Xcode 'outputs' to avoid re-running this script phase.\necho \"SUCCESS\" > \"${SCRIPT_OUTPUT_FILE_0}\"\n";
			showEnvVarsInLog = 0;
		};
		CC29EF8E8AE08C764B380DD1 /* [CP] Copy Pods Resources */ = {
			isa = PBXShellScriptBuildPhase;
			buildActionMask = 2147483647;
			files = (
			);
			inputPaths = (
				"${PODS_ROOT}/Target Support Files/Pods-FuelStation-FuelStationTests/Pods-FuelStation-FuelStationTests-resources.sh",
				"${PODS_ROOT}/../../node_modules/react-native-vector-icons/Fonts/AntDesign.ttf",
				"${PODS_ROOT}/../../node_modules/react-native-vector-icons/Fonts/Entypo.ttf",
				"${PODS_ROOT}/../../node_modules/react-native-vector-icons/Fonts/EvilIcons.ttf",
				"${PODS_ROOT}/../../node_modules/react-native-vector-icons/Fonts/Feather.ttf",
				"${PODS_ROOT}/../../node_modules/react-native-vector-icons/Fonts/FontAwesome.ttf",
				"${PODS_ROOT}/../../node_modules/react-native-vector-icons/Fonts/FontAwesome5_Brands.ttf",
				"${PODS_ROOT}/../../node_modules/react-native-vector-icons/Fonts/FontAwesome5_Regular.ttf",
				"${PODS_ROOT}/../../node_modules/react-native-vector-icons/Fonts/FontAwesome5_Solid.ttf",
				"${PODS_ROOT}/../../node_modules/react-native-vector-icons/Fonts/Fontisto.ttf",
				"${PODS_ROOT}/../../node_modules/react-native-vector-icons/Fonts/Foundation.ttf",
				"${PODS_ROOT}/../../node_modules/react-native-vector-icons/Fonts/Ionicons.ttf",
				"${PODS_ROOT}/../../node_modules/react-native-vector-icons/Fonts/MaterialCommunityIcons.ttf",
				"${PODS_ROOT}/../../node_modules/react-native-vector-icons/Fonts/MaterialIcons.ttf",
				"${PODS_ROOT}/../../node_modules/react-native-vector-icons/Fonts/Octicons.ttf",
				"${PODS_ROOT}/../../node_modules/react-native-vector-icons/Fonts/SimpleLineIcons.ttf",
				"${PODS_ROOT}/../../node_modules/react-native-vector-icons/Fonts/Zocial.ttf",
				"${PODS_CONFIGURATION_BUILD_DIR}/React-Core/AccessibilityResources.bundle",
			);
			name = "[CP] Copy Pods Resources";
			outputPaths = (
				"${TARGET_BUILD_DIR}/${UNLOCALIZED_RESOURCES_FOLDER_PATH}/AntDesign.ttf",
				"${TARGET_BUILD_DIR}/${UNLOCALIZED_RESOURCES_FOLDER_PATH}/Entypo.ttf",
				"${TARGET_BUILD_DIR}/${UNLOCALIZED_RESOURCES_FOLDER_PATH}/EvilIcons.ttf",
				"${TARGET_BUILD_DIR}/${UNLOCALIZED_RESOURCES_FOLDER_PATH}/Feather.ttf",
				"${TARGET_BUILD_DIR}/${UNLOCALIZED_RESOURCES_FOLDER_PATH}/FontAwesome.ttf",
				"${TARGET_BUILD_DIR}/${UNLOCALIZED_RESOURCES_FOLDER_PATH}/FontAwesome5_Brands.ttf",
				"${TARGET_BUILD_DIR}/${UNLOCALIZED_RESOURCES_FOLDER_PATH}/FontAwesome5_Regular.ttf",
				"${TARGET_BUILD_DIR}/${UNLOCALIZED_RESOURCES_FOLDER_PATH}/FontAwesome5_Solid.ttf",
				"${TARGET_BUILD_DIR}/${UNLOCALIZED_RESOURCES_FOLDER_PATH}/Fontisto.ttf",
				"${TARGET_BUILD_DIR}/${UNLOCALIZED_RESOURCES_FOLDER_PATH}/Foundation.ttf",
				"${TARGET_BUILD_DIR}/${UNLOCALIZED_RESOURCES_FOLDER_PATH}/Ionicons.ttf",
				"${TARGET_BUILD_DIR}/${UNLOCALIZED_RESOURCES_FOLDER_PATH}/MaterialCommunityIcons.ttf",
				"${TARGET_BUILD_DIR}/${UNLOCALIZED_RESOURCES_FOLDER_PATH}/MaterialIcons.ttf",
				"${TARGET_BUILD_DIR}/${UNLOCALIZED_RESOURCES_FOLDER_PATH}/Octicons.ttf",
				"${TARGET_BUILD_DIR}/${UNLOCALIZED_RESOURCES_FOLDER_PATH}/SimpleLineIcons.ttf",
				"${TARGET_BUILD_DIR}/${UNLOCALIZED_RESOURCES_FOLDER_PATH}/Zocial.ttf",
				"${TARGET_BUILD_DIR}/${UNLOCALIZED_RESOURCES_FOLDER_PATH}/AccessibilityResources.bundle",
			);
			runOnlyForDeploymentPostprocessing = 0;
			shellPath = /bin/sh;
			shellScript = "\"${PODS_ROOT}/Target Support Files/Pods-FuelStation-FuelStationTests/Pods-FuelStation-FuelStationTests-resources.sh\"\n";
			showEnvVarsInLog = 0;
		};
		D3C3F67292B997A5C8B31A0E /* [CP] Check Pods Manifest.lock */ = {
			isa = PBXShellScriptBuildPhase;
			buildActionMask = 2147483647;
			files = (
			);
			inputFileListPaths = (
			);
			inputPaths = (
				"${PODS_PODFILE_DIR_PATH}/Podfile.lock",
				"${PODS_ROOT}/Manifest.lock",
			);
			name = "[CP] Check Pods Manifest.lock";
			outputFileListPaths = (
			);
			outputPaths = (
				"$(DERIVED_FILE_DIR)/Pods-FuelStation-FuelStation-tvOS-checkManifestLockResult.txt",
			);
			runOnlyForDeploymentPostprocessing = 0;
			shellPath = /bin/sh;
			shellScript = "diff \"${PODS_PODFILE_DIR_PATH}/Podfile.lock\" \"${PODS_ROOT}/Manifest.lock\" > /dev/null\nif [ $? != 0 ] ; then\n    # print error to STDERR\n    echo \"error: The sandbox is not in sync with the Podfile.lock. Run 'pod install' or update your CocoaPods installation.\" >&2\n    exit 1\nfi\n# This output is used by Xcode 'outputs' to avoid re-running this script phase.\necho \"SUCCESS\" > \"${SCRIPT_OUTPUT_FILE_0}\"\n";
			showEnvVarsInLog = 0;
		};
		FD10A7F022414F080027D42C /* Start Packager */ = {
			isa = PBXShellScriptBuildPhase;
			buildActionMask = 2147483647;
			files = (
			);
			inputFileListPaths = (
			);
			inputPaths = (
			);
			name = "Start Packager";
			outputFileListPaths = (
			);
			outputPaths = (
			);
			runOnlyForDeploymentPostprocessing = 0;
			shellPath = /bin/sh;
			shellScript = "export RCT_METRO_PORT=\"${RCT_METRO_PORT:=8081}\"\necho \"export RCT_METRO_PORT=${RCT_METRO_PORT}\" > \"${SRCROOT}/../node_modules/react-native/scripts/.packager.env\"\nif [ -z \"${RCT_NO_LAUNCH_PACKAGER+xxx}\" ] ; then\n  if nc -w 5 -z localhost ${RCT_METRO_PORT} ; then\n    if ! curl -s \"http://localhost:${RCT_METRO_PORT}/status\" | grep -q \"packager-status:running\" ; then\n      echo \"Port ${RCT_METRO_PORT} already in use, packager is either not running or not running correctly\"\n      exit 2\n    fi\n  else\n    open \"$SRCROOT/../node_modules/react-native/scripts/launchPackager.command\" || echo \"Can't start packager automatically\"\n  fi\nfi\n";
			showEnvVarsInLog = 0;
		};
		FD10A7F122414F3F0027D42C /* Start Packager */ = {
			isa = PBXShellScriptBuildPhase;
			buildActionMask = 2147483647;
			files = (
			);
			inputFileListPaths = (
			);
			inputPaths = (
			);
			name = "Start Packager";
			outputFileListPaths = (
			);
			outputPaths = (
			);
			runOnlyForDeploymentPostprocessing = 0;
			shellPath = /bin/sh;
			shellScript = "export RCT_METRO_PORT=\"${RCT_METRO_PORT:=8081}\"\necho \"export RCT_METRO_PORT=${RCT_METRO_PORT}\" > \"${SRCROOT}/../node_modules/react-native/scripts/.packager.env\"\nif [ -z \"${RCT_NO_LAUNCH_PACKAGER+xxx}\" ] ; then\n  if nc -w 5 -z localhost ${RCT_METRO_PORT} ; then\n    if ! curl -s \"http://localhost:${RCT_METRO_PORT}/status\" | grep -q \"packager-status:running\" ; then\n      echo \"Port ${RCT_METRO_PORT} already in use, packager is either not running or not running correctly\"\n      exit 2\n    fi\n  else\n    open \"$SRCROOT/../node_modules/react-native/scripts/launchPackager.command\" || echo \"Can't start packager automatically\"\n  fi\nfi\n";
			showEnvVarsInLog = 0;
		};
/* End PBXShellScriptBuildPhase section */

/* Begin PBXSourcesBuildPhase section */
		00E356EA1AD99517003FC87E /* Sources */ = {
			isa = PBXSourcesBuildPhase;
			buildActionMask = 2147483647;
			files = (
				00E356F31AD99517003FC87E /* FuelStationTests.m in Sources */,
			);
			runOnlyForDeploymentPostprocessing = 0;
		};
		13B07F871A680F5B00A75B9A /* Sources */ = {
			isa = PBXSourcesBuildPhase;
			buildActionMask = 2147483647;
			files = (
				13B07FBC1A68108700A75B9A /* AppDelegate.m in Sources */,
				13B07FC11A68108700A75B9A /* main.m in Sources */,
			);
			runOnlyForDeploymentPostprocessing = 0;
		};
		2D02E4771E0B4A5D006451C7 /* Sources */ = {
			isa = PBXSourcesBuildPhase;
			buildActionMask = 2147483647;
			files = (
				2D02E4BF1E0B4AB3006451C7 /* main.m in Sources */,
				2D02E4BC1E0B4A80006451C7 /* AppDelegate.m in Sources */,
			);
			runOnlyForDeploymentPostprocessing = 0;
		};
		2D02E48C1E0B4A5D006451C7 /* Sources */ = {
			isa = PBXSourcesBuildPhase;
			buildActionMask = 2147483647;
			files = (
				2DCD954D1E0B4F2C00145EB5 /* FuelStationTests.m in Sources */,
			);
			runOnlyForDeploymentPostprocessing = 0;
		};
/* End PBXSourcesBuildPhase section */

/* Begin PBXTargetDependency section */
		00E356F51AD99517003FC87E /* PBXTargetDependency */ = {
			isa = PBXTargetDependency;
			target = 13B07F861A680F5B00A75B9A /* FuelStation */;
			targetProxy = 00E356F41AD99517003FC87E /* PBXContainerItemProxy */;
		};
		2D02E4921E0B4A5D006451C7 /* PBXTargetDependency */ = {
			isa = PBXTargetDependency;
			target = 2D02E47A1E0B4A5D006451C7 /* FuelStation-tvOS */;
			targetProxy = 2D02E4911E0B4A5D006451C7 /* PBXContainerItemProxy */;
		};
/* End PBXTargetDependency section */

/* Begin PBXVariantGroup section */
		13B07FB11A68108700A75B9A /* LaunchScreen.xib */ = {
			isa = PBXVariantGroup;
			children = (
				13B07FB21A68108700A75B9A /* Base */,
			);
			name = LaunchScreen.xib;
			path = FuelStation;
			sourceTree = "<group>";
		};
/* End PBXVariantGroup section */

/* Begin XCBuildConfiguration section */
		00E356F61AD99517003FC87E /* Debug */ = {
			isa = XCBuildConfiguration;
			baseConfigurationReference = 650E0BA2512648277EE6C3C3 /* Pods-FuelStation-FuelStationTests.debug.xcconfig */;
			buildSettings = {
				BUNDLE_LOADER = "$(TEST_HOST)";
				GCC_PREPROCESSOR_DEFINITIONS = (
					"DEBUG=1",
					"$(inherited)",
				);
				HEADER_SEARCH_PATHS = (
					"$(inherited)",
					"$(SRCROOT)/..",
				);
				INFOPLIST_FILE = FuelStationTests/Info.plist;
				IPHONEOS_DEPLOYMENT_TARGET = 10.0;
				LD_RUNPATH_SEARCH_PATHS = "$(inherited) @executable_path/Frameworks @loader_path/Frameworks";
				LIBRARY_SEARCH_PATHS = (
					"\"$(SRCROOT)/$(TARGET_NAME)\"",
					"$(inherited)",
				);
				OTHER_LDFLAGS = (
					"-ObjC",
					"-lc++",
					"$(inherited)",
				);
				PRODUCT_BUNDLE_IDENTIFIER = "org.reactjs.native.example.$(PRODUCT_NAME:rfc1034identifier)";
				PRODUCT_NAME = "$(TARGET_NAME)";
				TEST_HOST = "$(BUILT_PRODUCTS_DIR)/FuelStation.app/FuelStation";
			};
			name = Debug;
		};
		00E356F71AD99517003FC87E /* Release */ = {
			isa = XCBuildConfiguration;
			baseConfigurationReference = 302433D4F50E487D201D38ED /* Pods-FuelStation-FuelStationTests.release.xcconfig */;
			buildSettings = {
				BUNDLE_LOADER = "$(TEST_HOST)";
				COPY_PHASE_STRIP = NO;
				HEADER_SEARCH_PATHS = (
					"$(inherited)",
					"$(SRCROOT)/..",
				);
				INFOPLIST_FILE = FuelStationTests/Info.plist;
				IPHONEOS_DEPLOYMENT_TARGET = 10.0;
				LD_RUNPATH_SEARCH_PATHS = "$(inherited) @executable_path/Frameworks @loader_path/Frameworks";
				LIBRARY_SEARCH_PATHS = (
					"\"$(SRCROOT)/$(TARGET_NAME)\"",
					"$(inherited)",
				);
				OTHER_LDFLAGS = (
					"-ObjC",
					"-lc++",
					"$(inherited)",
				);
				PRODUCT_BUNDLE_IDENTIFIER = "org.reactjs.native.example.$(PRODUCT_NAME:rfc1034identifier)";
				PRODUCT_NAME = "$(TARGET_NAME)";
				TEST_HOST = "$(BUILT_PRODUCTS_DIR)/FuelStation.app/FuelStation";
			};
			name = Release;
		};
		13B07F941A680F5B00A75B9A /* Debug */ = {
			isa = XCBuildConfiguration;
			baseConfigurationReference = 2615DEE75418CAD8BB7077B7 /* Pods-FuelStation.debug.xcconfig */;
			buildSettings = {
				ASSETCATALOG_COMPILER_APPICON_NAME = AppIcon;
				CLANG_ENABLE_MODULES = YES;
				CURRENT_PROJECT_VERSION = 1;
				ENABLE_BITCODE = NO;
				GCC_PREPROCESSOR_DEFINITIONS = (
					"$(inherited)",
					"FB_SONARKIT_ENABLED=1",
				);
				HEADER_SEARCH_PATHS = (
					"\"$(SRCROOT)/../node_modules/react-native/React\"",
					"$(inherited)",
				);
				INFOPLIST_FILE = FuelStation/Info.plist;
				IPHONEOS_DEPLOYMENT_TARGET = 10.0;
				LD_RUNPATH_SEARCH_PATHS = "$(inherited) @executable_path/Frameworks";
				LIBRARY_SEARCH_PATHS = (
					"\"${PODS_CONFIGURATION_BUILD_DIR}/BVLinearGradient\"",
					"\"${PODS_CONFIGURATION_BUILD_DIR}/CocoaAsyncSocket\"",
					"\"${PODS_CONFIGURATION_BUILD_DIR}/DoubleConversion\"",
					"\"${PODS_CONFIGURATION_BUILD_DIR}/FBReactNativeSpec\"",
					"\"${PODS_CONFIGURATION_BUILD_DIR}/Flipper\"",
					"\"${PODS_CONFIGURATION_BUILD_DIR}/Flipper-DoubleConversion\"",
					"\"${PODS_CONFIGURATION_BUILD_DIR}/Flipper-Folly\"",
					"\"${PODS_CONFIGURATION_BUILD_DIR}/Flipper-Glog\"",
					"\"${PODS_CONFIGURATION_BUILD_DIR}/Flipper-PeerTalk\"",
					"\"${PODS_CONFIGURATION_BUILD_DIR}/Flipper-RSocket\"",
					"\"${PODS_CONFIGURATION_BUILD_DIR}/FlipperKit\"",
					"\"${PODS_CONFIGURATION_BUILD_DIR}/Folly\"",
					"\"${PODS_CONFIGURATION_BUILD_DIR}/Permission-Camera\"",
					"\"${PODS_CONFIGURATION_BUILD_DIR}/RCTTypeSafety\"",
					"\"${PODS_CONFIGURATION_BUILD_DIR}/RNCAsyncStorage\"",
					"\"${PODS_CONFIGURATION_BUILD_DIR}/RNCMaskedView\"",
					"\"${PODS_CONFIGURATION_BUILD_DIR}/RNCPicker\"",
					"\"${PODS_CONFIGURATION_BUILD_DIR}/RNDateTimePicker\"",
					"\"${PODS_CONFIGURATION_BUILD_DIR}/RNGestureHandler\"",
					"\"${PODS_CONFIGURATION_BUILD_DIR}/RNPermissions\"",
					"\"${PODS_CONFIGURATION_BUILD_DIR}/RNReanimated\"",
					"\"${PODS_CONFIGURATION_BUILD_DIR}/RNSVG\"",
					"\"${PODS_CONFIGURATION_BUILD_DIR}/RNScreens\"",
					"\"${PODS_CONFIGURATION_BUILD_DIR}/RNSearchBar\"",
					"\"${PODS_CONFIGURATION_BUILD_DIR}/RNVectorIcons\"",
					"\"${PODS_CONFIGURATION_BUILD_DIR}/React-Core\"",
					"\"${PODS_CONFIGURATION_BUILD_DIR}/React-CoreModules\"",
					"\"${PODS_CONFIGURATION_BUILD_DIR}/React-RCTAnimation\"",
					"\"${PODS_CONFIGURATION_BUILD_DIR}/React-RCTBlob\"",
					"\"${PODS_CONFIGURATION_BUILD_DIR}/React-RCTImage\"",
					"\"${PODS_CONFIGURATION_BUILD_DIR}/React-RCTLinking\"",
					"\"${PODS_CONFIGURATION_BUILD_DIR}/React-RCTNetwork\"",
					"\"${PODS_CONFIGURATION_BUILD_DIR}/React-RCTSettings\"",
					"\"${PODS_CONFIGURATION_BUILD_DIR}/React-RCTText\"",
					"\"${PODS_CONFIGURATION_BUILD_DIR}/React-RCTVibration\"",
					"\"${PODS_CONFIGURATION_BUILD_DIR}/React-cxxreact\"",
					"\"${PODS_CONFIGURATION_BUILD_DIR}/React-jsi\"",
					"\"${PODS_CONFIGURATION_BUILD_DIR}/React-jsiexecutor\"",
					"\"${PODS_CONFIGURATION_BUILD_DIR}/React-jsinspector\"",
					"\"${PODS_CONFIGURATION_BUILD_DIR}/ReactCommon\"",
					"\"${PODS_CONFIGURATION_BUILD_DIR}/Yoga\"",
					"\"${PODS_CONFIGURATION_BUILD_DIR}/YogaKit\"",
					"\"${PODS_CONFIGURATION_BUILD_DIR}/glog\"",
					"\"${PODS_CONFIGURATION_BUILD_DIR}/react-native-camera\"",
					"\"${PODS_CONFIGURATION_BUILD_DIR}/react-native-geolocation\"",
					"\"${PODS_CONFIGURATION_BUILD_DIR}/react-native-maps\"",
					"\"${PODS_CONFIGURATION_BUILD_DIR}/react-native-netinfo\"",
					"\"${PODS_CONFIGURATION_BUILD_DIR}/react-native-safe-area-context\"",
					"\"${PODS_CONFIGURATION_BUILD_DIR}/react-native-splash-screen\"",
					"\"${PODS_CONFIGURATION_BUILD_DIR}/react-native-sqlite-storage\"",
					"\"${PODS_CONFIGURATION_BUILD_DIR}/react-native-torch\"",
					"\"${PODS_ROOT}/CocoaLibEvent/lib\"",
					"\"${PODS_ROOT}/OpenSSL-Universal/ios/lib\"",
					"$(inherited)",
				);
				OTHER_LDFLAGS = (
					"$(inherited)",
					"-ObjC",
					"-lc++",
				);
				PRODUCT_BUNDLE_IDENTIFIER = "org.reactjs.native.example.$(PRODUCT_NAME:rfc1034identifier)";
				PRODUCT_NAME = FuelStation;
				SWIFT_OPTIMIZATION_LEVEL = "-Onone";
				SWIFT_VERSION = 5.0;
				VERSIONING_SYSTEM = "apple-generic";
			};
			name = Debug;
		};
		13B07F951A680F5B00A75B9A /* Release */ = {
			isa = XCBuildConfiguration;
			baseConfigurationReference = BFF862BAA1F4F6B55F6BB174 /* Pods-FuelStation.release.xcconfig */;
			buildSettings = {
				ASSETCATALOG_COMPILER_APPICON_NAME = AppIcon;
				CLANG_ENABLE_MODULES = YES;
				CURRENT_PROJECT_VERSION = 1;
				HEADER_SEARCH_PATHS = (
					"\"$(SRCROOT)/../node_modules/react-native/React\"",
					"$(inherited)",
				);
				INFOPLIST_FILE = FuelStation/Info.plist;
				IPHONEOS_DEPLOYMENT_TARGET = 10.0;
				LD_RUNPATH_SEARCH_PATHS = "$(inherited) @executable_path/Frameworks";
				LIBRARY_SEARCH_PATHS = (
					"\"${PODS_CONFIGURATION_BUILD_DIR}/BVLinearGradient\"",
					"\"${PODS_CONFIGURATION_BUILD_DIR}/CocoaAsyncSocket\"",
					"\"${PODS_CONFIGURATION_BUILD_DIR}/DoubleConversion\"",
					"\"${PODS_CONFIGURATION_BUILD_DIR}/FBReactNativeSpec\"",
					"\"${PODS_CONFIGURATION_BUILD_DIR}/Folly\"",
					"\"${PODS_CONFIGURATION_BUILD_DIR}/Permission-Camera\"",
					"\"${PODS_CONFIGURATION_BUILD_DIR}/RCTTypeSafety\"",
					"\"${PODS_CONFIGURATION_BUILD_DIR}/RNCAsyncStorage\"",
					"\"${PODS_CONFIGURATION_BUILD_DIR}/RNCMaskedView\"",
					"\"${PODS_CONFIGURATION_BUILD_DIR}/RNCPicker\"",
					"\"${PODS_CONFIGURATION_BUILD_DIR}/RNDateTimePicker\"",
					"\"${PODS_CONFIGURATION_BUILD_DIR}/RNGestureHandler\"",
					"\"${PODS_CONFIGURATION_BUILD_DIR}/RNPermissions\"",
					"\"${PODS_CONFIGURATION_BUILD_DIR}/RNReanimated\"",
					"\"${PODS_CONFIGURATION_BUILD_DIR}/RNSVG\"",
					"\"${PODS_CONFIGURATION_BUILD_DIR}/RNScreens\"",
					"\"${PODS_CONFIGURATION_BUILD_DIR}/RNSearchBar\"",
					"\"${PODS_CONFIGURATION_BUILD_DIR}/RNVectorIcons\"",
					"\"${PODS_CONFIGURATION_BUILD_DIR}/React-Core\"",
					"\"${PODS_CONFIGURATION_BUILD_DIR}/React-CoreModules\"",
					"\"${PODS_CONFIGURATION_BUILD_DIR}/React-RCTAnimation\"",
					"\"${PODS_CONFIGURATION_BUILD_DIR}/React-RCTBlob\"",
					"\"${PODS_CONFIGURATION_BUILD_DIR}/React-RCTImage\"",
					"\"${PODS_CONFIGURATION_BUILD_DIR}/React-RCTLinking\"",
					"\"${PODS_CONFIGURATION_BUILD_DIR}/React-RCTNetwork\"",
					"\"${PODS_CONFIGURATION_BUILD_DIR}/React-RCTSettings\"",
					"\"${PODS_CONFIGURATION_BUILD_DIR}/React-RCTText\"",
					"\"${PODS_CONFIGURATION_BUILD_DIR}/React-RCTVibration\"",
					"\"${PODS_CONFIGURATION_BUILD_DIR}/React-cxxreact\"",
					"\"${PODS_CONFIGURATION_BUILD_DIR}/React-jsi\"",
					"\"${PODS_CONFIGURATION_BUILD_DIR}/React-jsiexecutor\"",
					"\"${PODS_CONFIGURATION_BUILD_DIR}/React-jsinspector\"",
					"\"${PODS_CONFIGURATION_BUILD_DIR}/ReactCommon\"",
					"\"${PODS_CONFIGURATION_BUILD_DIR}/Yoga\"",
					"\"${PODS_CONFIGURATION_BUILD_DIR}/YogaKit\"",
					"\"${PODS_CONFIGURATION_BUILD_DIR}/glog\"",
					"\"${PODS_CONFIGURATION_BUILD_DIR}/react-native-camera\"",
					"\"${PODS_CONFIGURATION_BUILD_DIR}/react-native-geolocation\"",
					"\"${PODS_CONFIGURATION_BUILD_DIR}/react-native-maps\"",
					"\"${PODS_CONFIGURATION_BUILD_DIR}/react-native-netinfo\"",
					"\"${PODS_CONFIGURATION_BUILD_DIR}/react-native-safe-area-context\"",
					"\"${PODS_CONFIGURATION_BUILD_DIR}/react-native-splash-screen\"",
					"\"${PODS_CONFIGURATION_BUILD_DIR}/react-native-sqlite-storage\"",
					"\"${PODS_CONFIGURATION_BUILD_DIR}/react-native-torch\"",
					"\"${PODS_ROOT}/CocoaLibEvent/lib\"",
					"\"${PODS_ROOT}/OpenSSL-Universal/ios/lib\"",
					"$(inherited)",
				);
				OTHER_LDFLAGS = (
					"$(inherited)",
					"-ObjC",
					"-lc++",
				);
				PRODUCT_BUNDLE_IDENTIFIER = "org.reactjs.native.example.$(PRODUCT_NAME:rfc1034identifier)";
				PRODUCT_NAME = FuelStation;
				SWIFT_VERSION = 5.0;
				VERSIONING_SYSTEM = "apple-generic";
			};
			name = Release;
		};
		2D02E4971E0B4A5E006451C7 /* Debug */ = {
			isa = XCBuildConfiguration;
			baseConfigurationReference = 4D2114265936CBE98A05AE07 /* Pods-FuelStation-FuelStation-tvOS.debug.xcconfig */;
			buildSettings = {
				ASSETCATALOG_COMPILER_APPICON_NAME = "App Icon & Top Shelf Image";
				ASSETCATALOG_COMPILER_LAUNCHIMAGE_NAME = LaunchImage;
				CLANG_ANALYZER_NONNULL = YES;
				CLANG_WARN_DOCUMENTATION_COMMENTS = YES;
				CLANG_WARN_INFINITE_RECURSION = YES;
				CLANG_WARN_SUSPICIOUS_MOVE = YES;
				DEBUG_INFORMATION_FORMAT = dwarf;
				ENABLE_TESTABILITY = YES;
				GCC_NO_COMMON_BLOCKS = YES;
				HEADER_SEARCH_PATHS = (
					"$(SRCROOT)/..",
					"$(inherited)",
				);
				INFOPLIST_FILE = "FuelStation-tvOS/Info.plist";
				LD_RUNPATH_SEARCH_PATHS = "$(inherited) @executable_path/Frameworks";
				LIBRARY_SEARCH_PATHS = (
					"\"$(SRCROOT)/$(TARGET_NAME)\"",
					"$(inherited)",
				);
				OTHER_LDFLAGS = (
					"$(inherited)",
					"-ObjC",
					"-lc++",
				);
				PRODUCT_BUNDLE_IDENTIFIER = "org.reactjs.native.example.FuelStation-tvOS";
				PRODUCT_NAME = "$(TARGET_NAME)";
				SDKROOT = appletvos;
				TARGETED_DEVICE_FAMILY = 3;
				TVOS_DEPLOYMENT_TARGET = 9.2;
			};
			name = Debug;
		};
		2D02E4981E0B4A5E006451C7 /* Release */ = {
			isa = XCBuildConfiguration;
			baseConfigurationReference = 84048F05990BD4D94E5E0FC8 /* Pods-FuelStation-FuelStation-tvOS.release.xcconfig */;
			buildSettings = {
				ASSETCATALOG_COMPILER_APPICON_NAME = "App Icon & Top Shelf Image";
				ASSETCATALOG_COMPILER_LAUNCHIMAGE_NAME = LaunchImage;
				CLANG_ANALYZER_NONNULL = YES;
				CLANG_WARN_DOCUMENTATION_COMMENTS = YES;
				CLANG_WARN_INFINITE_RECURSION = YES;
				CLANG_WARN_SUSPICIOUS_MOVE = YES;
				COPY_PHASE_STRIP = NO;
				DEBUG_INFORMATION_FORMAT = "dwarf-with-dsym";
				GCC_NO_COMMON_BLOCKS = YES;
				HEADER_SEARCH_PATHS = (
					"$(SRCROOT)/..",
					"$(inherited)",
				);
				INFOPLIST_FILE = "FuelStation-tvOS/Info.plist";
				LD_RUNPATH_SEARCH_PATHS = "$(inherited) @executable_path/Frameworks";
				LIBRARY_SEARCH_PATHS = (
					"\"$(SRCROOT)/$(TARGET_NAME)\"",
					"$(inherited)",
				);
				OTHER_LDFLAGS = (
					"$(inherited)",
					"-ObjC",
					"-lc++",
				);
				PRODUCT_BUNDLE_IDENTIFIER = "org.reactjs.native.example.FuelStation-tvOS";
				PRODUCT_NAME = "$(TARGET_NAME)";
				SDKROOT = appletvos;
				TARGETED_DEVICE_FAMILY = 3;
				TVOS_DEPLOYMENT_TARGET = 9.2;
			};
			name = Release;
		};
		2D02E4991E0B4A5E006451C7 /* Debug */ = {
			isa = XCBuildConfiguration;
			baseConfigurationReference = E7C0685F7CBB8EEA27A1264C /* Pods-FuelStation-tvOSTests.debug.xcconfig */;
			buildSettings = {
				BUNDLE_LOADER = "$(TEST_HOST)";
				CLANG_ANALYZER_NONNULL = YES;
				CLANG_WARN_DOCUMENTATION_COMMENTS = YES;
				CLANG_WARN_INFINITE_RECURSION = YES;
				CLANG_WARN_SUSPICIOUS_MOVE = YES;
				DEBUG_INFORMATION_FORMAT = dwarf;
				ENABLE_TESTABILITY = YES;
				GCC_NO_COMMON_BLOCKS = YES;
				HEADER_SEARCH_PATHS = (
					"$(inherited)",
					"$(SRCROOT)/..",
				);
				INFOPLIST_FILE = "FuelStation-tvOSTests/Info.plist";
				LD_RUNPATH_SEARCH_PATHS = "$(inherited) @executable_path/Frameworks @loader_path/Frameworks";
				LIBRARY_SEARCH_PATHS = (
					"\"$(SRCROOT)/$(TARGET_NAME)\"",
					"$(inherited)",
				);
				OTHER_LDFLAGS = (
					"$(inherited)",
					"-ObjC",
					"-lc++",
				);
				PRODUCT_BUNDLE_IDENTIFIER = "org.reactjs.native.example.FuelStation-tvOSTests";
				PRODUCT_NAME = "$(TARGET_NAME)";
				SDKROOT = appletvos;
				TEST_HOST = "$(BUILT_PRODUCTS_DIR)/FuelStation-tvOS.app/FuelStation-tvOS";
				TVOS_DEPLOYMENT_TARGET = 10.1;
			};
			name = Debug;
		};
		2D02E49A1E0B4A5E006451C7 /* Release */ = {
			isa = XCBuildConfiguration;
			baseConfigurationReference = 291BBFE88F4C138234E88209 /* Pods-FuelStation-tvOSTests.release.xcconfig */;
			buildSettings = {
				BUNDLE_LOADER = "$(TEST_HOST)";
				CLANG_ANALYZER_NONNULL = YES;
				CLANG_WARN_DOCUMENTATION_COMMENTS = YES;
				CLANG_WARN_INFINITE_RECURSION = YES;
				CLANG_WARN_SUSPICIOUS_MOVE = YES;
				COPY_PHASE_STRIP = NO;
				DEBUG_INFORMATION_FORMAT = "dwarf-with-dsym";
				GCC_NO_COMMON_BLOCKS = YES;
				HEADER_SEARCH_PATHS = (
					"$(inherited)",
					"$(SRCROOT)/..",
				);
				INFOPLIST_FILE = "FuelStation-tvOSTests/Info.plist";
				LD_RUNPATH_SEARCH_PATHS = "$(inherited) @executable_path/Frameworks @loader_path/Frameworks";
				LIBRARY_SEARCH_PATHS = (
					"\"$(SRCROOT)/$(TARGET_NAME)\"",
					"$(inherited)",
				);
				OTHER_LDFLAGS = (
					"$(inherited)",
					"-ObjC",
					"-lc++",
				);
				PRODUCT_BUNDLE_IDENTIFIER = "org.reactjs.native.example.FuelStation-tvOSTests";
				PRODUCT_NAME = "$(TARGET_NAME)";
				SDKROOT = appletvos;
				TEST_HOST = "$(BUILT_PRODUCTS_DIR)/FuelStation-tvOS.app/FuelStation-tvOS";
				TVOS_DEPLOYMENT_TARGET = 10.1;
			};
			name = Release;
		};
		83CBBA201A601CBA00E9B192 /* Debug */ = {
			isa = XCBuildConfiguration;
			buildSettings = {
				ALWAYS_SEARCH_USER_PATHS = YES;
				CLANG_ANALYZER_LOCALIZABILITY_NONLOCALIZED = YES;
				CLANG_CXX_LANGUAGE_STANDARD = "gnu++0x";
				CLANG_CXX_LIBRARY = "libc++";
				CLANG_ENABLE_MODULES = YES;
				CLANG_ENABLE_OBJC_ARC = YES;
				CLANG_WARN_BLOCK_CAPTURE_AUTORELEASING = YES;
				CLANG_WARN_BOOL_CONVERSION = YES;
				CLANG_WARN_COMMA = YES;
				CLANG_WARN_CONSTANT_CONVERSION = YES;
				CLANG_WARN_DEPRECATED_OBJC_IMPLEMENTATIONS = YES;
				CLANG_WARN_DIRECT_OBJC_ISA_USAGE = YES_ERROR;
				CLANG_WARN_EMPTY_BODY = YES;
				CLANG_WARN_ENUM_CONVERSION = YES;
				CLANG_WARN_INFINITE_RECURSION = YES;
				CLANG_WARN_INT_CONVERSION = YES;
				CLANG_WARN_NON_LITERAL_NULL_CONVERSION = YES;
				CLANG_WARN_OBJC_IMPLICIT_RETAIN_SELF = YES;
				CLANG_WARN_OBJC_LITERAL_CONVERSION = YES;
				CLANG_WARN_OBJC_ROOT_CLASS = YES_ERROR;
				CLANG_WARN_RANGE_LOOP_ANALYSIS = YES;
				CLANG_WARN_STRICT_PROTOTYPES = YES;
				CLANG_WARN_SUSPICIOUS_MOVE = YES;
				CLANG_WARN_UNREACHABLE_CODE = YES;
				CLANG_WARN__DUPLICATE_METHOD_MATCH = YES;
				"CODE_SIGN_IDENTITY[sdk=iphoneos*]" = "iPhone Developer";
				COPY_PHASE_STRIP = NO;
				ENABLE_STRICT_OBJC_MSGSEND = YES;
				ENABLE_TESTABILITY = YES;
				GCC_C_LANGUAGE_STANDARD = gnu99;
				GCC_DYNAMIC_NO_PIC = NO;
				GCC_NO_COMMON_BLOCKS = YES;
				GCC_OPTIMIZATION_LEVEL = 0;
				GCC_PREPROCESSOR_DEFINITIONS = (
					"DEBUG=1",
					"$(inherited)",
				);
				GCC_SYMBOLS_PRIVATE_EXTERN = NO;
				GCC_WARN_64_TO_32_BIT_CONVERSION = YES;
				GCC_WARN_ABOUT_RETURN_TYPE = YES_ERROR;
				GCC_WARN_UNDECLARED_SELECTOR = YES;
				GCC_WARN_UNINITIALIZED_AUTOS = YES_AGGRESSIVE;
				GCC_WARN_UNUSED_FUNCTION = YES;
				GCC_WARN_UNUSED_VARIABLE = YES;
				IPHONEOS_DEPLOYMENT_TARGET = 10.0;
				LD_RUNPATH_SEARCH_PATHS = "/usr/lib/swift $(inherited)";
				LIBRARY_SEARCH_PATHS = (
					"\"$(TOOLCHAIN_DIR)/usr/lib/swift/$(PLATFORM_NAME)\"",
					"\"$(TOOLCHAIN_DIR)/usr/lib/swift-5.0/$(PLATFORM_NAME)\"",
					"$(inherited)",
				);
				MTL_ENABLE_DEBUG_INFO = YES;
				ONLY_ACTIVE_ARCH = YES;
				SDKROOT = iphoneos;
			};
			name = Debug;
		};
		83CBBA211A601CBA00E9B192 /* Release */ = {
			isa = XCBuildConfiguration;
			buildSettings = {
				ALWAYS_SEARCH_USER_PATHS = YES;
				CLANG_ANALYZER_LOCALIZABILITY_NONLOCALIZED = YES;
				CLANG_CXX_LANGUAGE_STANDARD = "gnu++0x";
				CLANG_CXX_LIBRARY = "libc++";
				CLANG_ENABLE_MODULES = YES;
				CLANG_ENABLE_OBJC_ARC = YES;
				CLANG_WARN_BLOCK_CAPTURE_AUTORELEASING = YES;
				CLANG_WARN_BOOL_CONVERSION = YES;
				CLANG_WARN_COMMA = YES;
				CLANG_WARN_CONSTANT_CONVERSION = YES;
				CLANG_WARN_DEPRECATED_OBJC_IMPLEMENTATIONS = YES;
				CLANG_WARN_DIRECT_OBJC_ISA_USAGE = YES_ERROR;
				CLANG_WARN_EMPTY_BODY = YES;
				CLANG_WARN_ENUM_CONVERSION = YES;
				CLANG_WARN_INFINITE_RECURSION = YES;
				CLANG_WARN_INT_CONVERSION = YES;
				CLANG_WARN_NON_LITERAL_NULL_CONVERSION = YES;
				CLANG_WARN_OBJC_IMPLICIT_RETAIN_SELF = YES;
				CLANG_WARN_OBJC_LITERAL_CONVERSION = YES;
				CLANG_WARN_OBJC_ROOT_CLASS = YES_ERROR;
				CLANG_WARN_RANGE_LOOP_ANALYSIS = YES;
				CLANG_WARN_STRICT_PROTOTYPES = YES;
				CLANG_WARN_SUSPICIOUS_MOVE = YES;
				CLANG_WARN_UNREACHABLE_CODE = YES;
				CLANG_WARN__DUPLICATE_METHOD_MATCH = YES;
				"CODE_SIGN_IDENTITY[sdk=iphoneos*]" = "iPhone Developer";
				COPY_PHASE_STRIP = YES;
				ENABLE_NS_ASSERTIONS = NO;
				ENABLE_STRICT_OBJC_MSGSEND = YES;
				GCC_C_LANGUAGE_STANDARD = gnu99;
				GCC_NO_COMMON_BLOCKS = YES;
				GCC_WARN_64_TO_32_BIT_CONVERSION = YES;
				GCC_WARN_ABOUT_RETURN_TYPE = YES_ERROR;
				GCC_WARN_UNDECLARED_SELECTOR = YES;
				GCC_WARN_UNINITIALIZED_AUTOS = YES_AGGRESSIVE;
				GCC_WARN_UNUSED_FUNCTION = YES;
				GCC_WARN_UNUSED_VARIABLE = YES;
				IPHONEOS_DEPLOYMENT_TARGET = 10.0;
				LD_RUNPATH_SEARCH_PATHS = "/usr/lib/swift $(inherited)";
				LIBRARY_SEARCH_PATHS = (
					"\"$(TOOLCHAIN_DIR)/usr/lib/swift/$(PLATFORM_NAME)\"",
					"\"$(TOOLCHAIN_DIR)/usr/lib/swift-5.0/$(PLATFORM_NAME)\"",
					"$(inherited)",
				);
				MTL_ENABLE_DEBUG_INFO = NO;
				SDKROOT = iphoneos;
				VALIDATE_PRODUCT = YES;
			};
			name = Release;
		};
/* End XCBuildConfiguration section */

/* Begin XCConfigurationList section */
		00E357021AD99517003FC87E /* Build configuration list for PBXNativeTarget "FuelStationTests" */ = {
			isa = XCConfigurationList;
			buildConfigurations = (
				00E356F61AD99517003FC87E /* Debug */,
				00E356F71AD99517003FC87E /* Release */,
			);
			defaultConfigurationIsVisible = 0;
			defaultConfigurationName = Release;
		};
		13B07F931A680F5B00A75B9A /* Build configuration list for PBXNativeTarget "FuelStation" */ = {
			isa = XCConfigurationList;
			buildConfigurations = (
				13B07F941A680F5B00A75B9A /* Debug */,
				13B07F951A680F5B00A75B9A /* Release */,
			);
			defaultConfigurationIsVisible = 0;
			defaultConfigurationName = Release;
		};
		2D02E4BA1E0B4A5E006451C7 /* Build configuration list for PBXNativeTarget "FuelStation-tvOS" */ = {
			isa = XCConfigurationList;
			buildConfigurations = (
				2D02E4971E0B4A5E006451C7 /* Debug */,
				2D02E4981E0B4A5E006451C7 /* Release */,
			);
			defaultConfigurationIsVisible = 0;
			defaultConfigurationName = Release;
		};
		2D02E4BB1E0B4A5E006451C7 /* Build configuration list for PBXNativeTarget "FuelStation-tvOSTests" */ = {
			isa = XCConfigurationList;
			buildConfigurations = (
				2D02E4991E0B4A5E006451C7 /* Debug */,
				2D02E49A1E0B4A5E006451C7 /* Release */,
			);
			defaultConfigurationIsVisible = 0;
			defaultConfigurationName = Release;
		};
		83CBB9FA1A601CBA00E9B192 /* Build configuration list for PBXProject "FuelStation" */ = {
			isa = XCConfigurationList;
			buildConfigurations = (
				83CBBA201A601CBA00E9B192 /* Debug */,
				83CBBA211A601CBA00E9B192 /* Release */,
			);
			defaultConfigurationIsVisible = 0;
			defaultConfigurationName = Release;
		};
/* End XCConfigurationList section */
	};
	rootObject = 83CBB9F71A601CBA00E9B192 /* Project object */;
}
